{
    "format_version": "1.2",
    "terraform_version": "1.9.8",
    "variables": {
        "confluent_cloud_api_key": {
            "value": "3RERNIR6BN"
        },
        "confluent_cloud_api_secret": {
            "value": "gytL0UoWArDMwp/yUIZPWw9u6QDjk8ARlOsYLhmJXyk5Jg0KhIGDT/IeqSS41hYd"
        }
    },
    "planned_values": {
        "root_module": {
            "resources": [
                {
                    "address": "confluent_api_key.app-consumer-kafka-api-key",
                    "mode": "managed",
                    "type": "confluent_api_key",
                    "name": "app-consumer-kafka-api-key",
                    "provider_name": "registry.terraform.io/confluentinc/confluent",
                    "schema_version": 0,
                    "values": {
                        "description": "Kafka API Key that is owned by 'app-consumer' service account",
                        "disable_wait_for_ready": false,
                        "display_name": "app-consumer-kafka-api-key",
                        "managed_resource": [
                            {
                                "environment": [
                                    {}
                                ]
                            }
                        ],
                        "owner": [
                            {}
                        ]
                    },
                    "sensitive_values": {
                        "managed_resource": [
                            {
                                "environment": [
                                    {}
                                ]
                            }
                        ],
                        "owner": [
                            {}
                        ],
                        "secret": true
                    }
                },
                {
                    "address": "confluent_api_key.app-manager-kafka-api-key",
                    "mode": "managed",
                    "type": "confluent_api_key",
                    "name": "app-manager-kafka-api-key",
                    "provider_name": "registry.terraform.io/confluentinc/confluent",
                    "schema_version": 0,
                    "values": {
                        "description": "Kafka API Key that is owned by 'app-manager' service account",
                        "disable_wait_for_ready": false,
                        "display_name": "app-manager-kafka-api-key",
                        "managed_resource": [
                            {
                                "environment": [
                                    {}
                                ]
                            }
                        ],
                        "owner": [
                            {}
                        ]
                    },
                    "sensitive_values": {
                        "managed_resource": [
                            {
                                "environment": [
                                    {}
                                ]
                            }
                        ],
                        "owner": [
                            {}
                        ],
                        "secret": true
                    }
                },
                {
                    "address": "confluent_api_key.app-producer-kafka-api-key",
                    "mode": "managed",
                    "type": "confluent_api_key",
                    "name": "app-producer-kafka-api-key",
                    "provider_name": "registry.terraform.io/confluentinc/confluent",
                    "schema_version": 0,
                    "values": {
                        "description": "Kafka API Key that is owned by 'app-producer' service account",
                        "disable_wait_for_ready": false,
                        "display_name": "app-producer-kafka-api-key",
                        "managed_resource": [
                            {
                                "environment": [
                                    {}
                                ]
                            }
                        ],
                        "owner": [
                            {}
                        ]
                    },
                    "sensitive_values": {
                        "managed_resource": [
                            {
                                "environment": [
                                    {}
                                ]
                            }
                        ],
                        "owner": [
                            {}
                        ],
                        "secret": true
                    }
                },
                {
                    "address": "confluent_api_key.app_manager_kafka_cluster_key",
                    "mode": "managed",
                    "type": "confluent_api_key",
                    "name": "app_manager_kafka_cluster_key",
                    "provider_name": "registry.terraform.io/confluentinc/confluent",
                    "schema_version": 0,
                    "values": {
                        "description": "app conector",
                        "disable_wait_for_ready": false,
                        "managed_resource": [
                            {
                                "environment": [
                                    {}
                                ]
                            }
                        ],
                        "owner": [
                            {}
                        ]
                    },
                    "sensitive_values": {
                        "managed_resource": [
                            {
                                "environment": [
                                    {}
                                ]
                            }
                        ],
                        "owner": [
                            {}
                        ],
                        "secret": true
                    }
                },
                {
                    "address": "confluent_api_key.connector_key",
                    "mode": "managed",
                    "type": "confluent_api_key",
                    "name": "connector_key",
                    "provider_name": "registry.terraform.io/confluentinc/confluent",
                    "schema_version": 0,
                    "values": {
                        "description": "api key for the connector",
                        "disable_wait_for_ready": false,
                        "managed_resource": [
                            {
                                "environment": [
                                    {}
                                ]
                            }
                        ],
                        "owner": [
                            {}
                        ]
                    },
                    "sensitive_values": {
                        "managed_resource": [
                            {
                                "environment": [
                                    {}
                                ]
                            }
                        ],
                        "owner": [
                            {}
                        ],
                        "secret": true
                    }
                },
                {
                    "address": "confluent_api_key.sr_cluster_key",
                    "mode": "managed",
                    "type": "confluent_api_key",
                    "name": "sr_cluster_key",
                    "provider_name": "registry.terraform.io/confluentinc/confluent",
                    "schema_version": 0,
                    "values": {
                        "description": "api key for schema registry",
                        "disable_wait_for_ready": false,
                        "managed_resource": [
                            {
                                "environment": [
                                    {}
                                ]
                            }
                        ],
                        "owner": [
                            {}
                        ]
                    },
                    "sensitive_values": {
                        "managed_resource": [
                            {
                                "environment": [
                                    {}
                                ]
                            }
                        ],
                        "owner": [
                            {}
                        ],
                        "secret": true
                    }
                },
                {
                    "address": "confluent_connector.datagen_customers",
                    "mode": "managed",
                    "type": "confluent_connector",
                    "name": "datagen_customers",
                    "provider_name": "registry.terraform.io/confluentinc/confluent",
                    "schema_version": 0,
                    "values": {
                        "environment": [
                            {}
                        ],
                        "kafka_cluster": [
                            {}
                        ],
                        "timeouts": null
                    },
                    "sensitive_values": {
                        "config_nonsensitive": {},
                        "config_sensitive": true,
                        "environment": [
                            {}
                        ],
                        "kafka_cluster": [
                            {}
                        ]
                    }
                },
                {
                    "address": "confluent_connector.datagen_orders",
                    "mode": "managed",
                    "type": "confluent_connector",
                    "name": "datagen_orders",
                    "provider_name": "registry.terraform.io/confluentinc/confluent",
                    "schema_version": 0,
                    "values": {
                        "environment": [
                            {}
                        ],
                        "kafka_cluster": [
                            {}
                        ],
                        "timeouts": null
                    },
                    "sensitive_values": {
                        "config_nonsensitive": {},
                        "config_sensitive": true,
                        "environment": [
                            {}
                        ],
                        "kafka_cluster": [
                            {}
                        ]
                    }
                },
                {
                    "address": "confluent_connector.datagen_products",
                    "mode": "managed",
                    "type": "confluent_connector",
                    "name": "datagen_products",
                    "provider_name": "registry.terraform.io/confluentinc/confluent",
                    "schema_version": 0,
                    "values": {
                        "environment": [
                            {}
                        ],
                        "kafka_cluster": [
                            {}
                        ],
                        "timeouts": null
                    },
                    "sensitive_values": {
                        "config_nonsensitive": {},
                        "config_sensitive": true,
                        "environment": [
                            {}
                        ],
                        "kafka_cluster": [
                            {}
                        ]
                    }
                },
                {
                    "address": "confluent_environment.staging",
                    "mode": "managed",
                    "type": "confluent_environment",
                    "name": "staging",
                    "provider_name": "registry.terraform.io/confluentinc/confluent",
                    "schema_version": 0,
                    "values": {
                        "display_name": "jsoto-env",
                        "stream_governance": [
                            {
                                "package": "ESSENTIALS"
                            }
                        ]
                    },
                    "sensitive_values": {
                        "stream_governance": [
                            {}
                        ]
                    }
                },
                {
                    "address": "confluent_kafka_acl.app-consumer-read-on-group",
                    "mode": "managed",
                    "type": "confluent_kafka_acl",
                    "name": "app-consumer-read-on-group",
                    "provider_name": "registry.terraform.io/confluentinc/confluent",
                    "schema_version": 2,
                    "values": {
                        "credentials": [
                            {}
                        ],
                        "host": "*",
                        "kafka_cluster": [
                            {}
                        ],
                        "operation": "READ",
                        "pattern_type": "PREFIXED",
                        "permission": "ALLOW",
                        "resource_name": "confluent_cli_consumer_",
                        "resource_type": "GROUP"
                    },
                    "sensitive_values": {
                        "credentials": [
                            {
                                "key": true,
                                "secret": true
                            }
                        ],
                        "kafka_cluster": [
                            {}
                        ]
                    }
                },
                {
                    "address": "confluent_kafka_acl.app-consumer-read-on-topic",
                    "mode": "managed",
                    "type": "confluent_kafka_acl",
                    "name": "app-consumer-read-on-topic",
                    "provider_name": "registry.terraform.io/confluentinc/confluent",
                    "schema_version": 2,
                    "values": {
                        "credentials": [
                            {}
                        ],
                        "host": "*",
                        "kafka_cluster": [
                            {}
                        ],
                        "operation": "READ",
                        "pattern_type": "LITERAL",
                        "permission": "ALLOW",
                        "resource_name": "order",
                        "resource_type": "TOPIC"
                    },
                    "sensitive_values": {
                        "credentials": [
                            {
                                "key": true,
                                "secret": true
                            }
                        ],
                        "kafka_cluster": [
                            {}
                        ]
                    }
                },
                {
                    "address": "confluent_kafka_acl.app-producer-write-on-topic",
                    "mode": "managed",
                    "type": "confluent_kafka_acl",
                    "name": "app-producer-write-on-topic",
                    "provider_name": "registry.terraform.io/confluentinc/confluent",
                    "schema_version": 2,
                    "values": {
                        "credentials": [
                            {}
                        ],
                        "host": "*",
                        "kafka_cluster": [
                            {}
                        ],
                        "operation": "WRITE",
                        "pattern_type": "LITERAL",
                        "permission": "ALLOW",
                        "resource_name": "order",
                        "resource_type": "TOPIC"
                    },
                    "sensitive_values": {
                        "credentials": [
                            {
                                "key": true,
                                "secret": true
                            }
                        ],
                        "kafka_cluster": [
                            {}
                        ]
                    }
                },
                {
                    "address": "confluent_kafka_acl.connectors_source_consumer_group",
                    "mode": "managed",
                    "type": "confluent_kafka_acl",
                    "name": "connectors_source_consumer_group",
                    "provider_name": "registry.terraform.io/confluentinc/confluent",
                    "schema_version": 2,
                    "values": {
                        "credentials": [
                            {}
                        ],
                        "host": "*",
                        "kafka_cluster": [
                            {}
                        ],
                        "operation": "READ",
                        "pattern_type": "PREFIXED",
                        "permission": "ALLOW",
                        "resource_name": "connect",
                        "resource_type": "GROUP"
                    },
                    "sensitive_values": {
                        "credentials": [
                            {
                                "key": true,
                                "secret": true
                            }
                        ],
                        "kafka_cluster": [
                            {}
                        ]
                    }
                },
                {
                    "address": "confluent_kafka_acl.connectors_source_create_topic_demo",
                    "mode": "managed",
                    "type": "confluent_kafka_acl",
                    "name": "connectors_source_create_topic_demo",
                    "provider_name": "registry.terraform.io/confluentinc/confluent",
                    "schema_version": 2,
                    "values": {
                        "credentials": [
                            {}
                        ],
                        "host": "*",
                        "kafka_cluster": [
                            {}
                        ],
                        "operation": "CREATE",
                        "pattern_type": "PREFIXED",
                        "permission": "ALLOW",
                        "resource_name": "shoe_",
                        "resource_type": "TOPIC"
                    },
                    "sensitive_values": {
                        "credentials": [
                            {
                                "key": true,
                                "secret": true
                            }
                        ],
                        "kafka_cluster": [
                            {}
                        ]
                    }
                },
                {
                    "address": "confluent_kafka_acl.connectors_source_create_topic_dlq",
                    "mode": "managed",
                    "type": "confluent_kafka_acl",
                    "name": "connectors_source_create_topic_dlq",
                    "provider_name": "registry.terraform.io/confluentinc/confluent",
                    "schema_version": 2,
                    "values": {
                        "credentials": [
                            {}
                        ],
                        "host": "*",
                        "kafka_cluster": [
                            {}
                        ],
                        "operation": "CREATE",
                        "pattern_type": "PREFIXED",
                        "permission": "ALLOW",
                        "resource_name": "dlq-",
                        "resource_type": "TOPIC"
                    },
                    "sensitive_values": {
                        "credentials": [
                            {
                                "key": true,
                                "secret": true
                            }
                        ],
                        "kafka_cluster": [
                            {}
                        ]
                    }
                },
                {
                    "address": "confluent_kafka_acl.connectors_source_describe_cluster",
                    "mode": "managed",
                    "type": "confluent_kafka_acl",
                    "name": "connectors_source_describe_cluster",
                    "provider_name": "registry.terraform.io/confluentinc/confluent",
                    "schema_version": 2,
                    "values": {
                        "credentials": [
                            {}
                        ],
                        "host": "*",
                        "kafka_cluster": [
                            {}
                        ],
                        "operation": "DESCRIBE",
                        "pattern_type": "LITERAL",
                        "permission": "ALLOW",
                        "resource_name": "kafka-cluster",
                        "resource_type": "CLUSTER"
                    },
                    "sensitive_values": {
                        "credentials": [
                            {
                                "key": true,
                                "secret": true
                            }
                        ],
                        "kafka_cluster": [
                            {}
                        ]
                    }
                },
                {
                    "address": "confluent_kafka_acl.connectors_source_read_topic_demo",
                    "mode": "managed",
                    "type": "confluent_kafka_acl",
                    "name": "connectors_source_read_topic_demo",
                    "provider_name": "registry.terraform.io/confluentinc/confluent",
                    "schema_version": 2,
                    "values": {
                        "credentials": [
                            {}
                        ],
                        "host": "*",
                        "kafka_cluster": [
                            {}
                        ],
                        "operation": "READ",
                        "pattern_type": "PREFIXED",
                        "permission": "ALLOW",
                        "resource_name": "shoe_",
                        "resource_type": "TOPIC"
                    },
                    "sensitive_values": {
                        "credentials": [
                            {
                                "key": true,
                                "secret": true
                            }
                        ],
                        "kafka_cluster": [
                            {}
                        ]
                    }
                },
                {
                    "address": "confluent_kafka_acl.connectors_source_read_topic_dlq",
                    "mode": "managed",
                    "type": "confluent_kafka_acl",
                    "name": "connectors_source_read_topic_dlq",
                    "provider_name": "registry.terraform.io/confluentinc/confluent",
                    "schema_version": 2,
                    "values": {
                        "credentials": [
                            {}
                        ],
                        "host": "*",
                        "kafka_cluster": [
                            {}
                        ],
                        "operation": "READ",
                        "pattern_type": "PREFIXED",
                        "permission": "ALLOW",
                        "resource_name": "dlq-",
                        "resource_type": "TOPIC"
                    },
                    "sensitive_values": {
                        "credentials": [
                            {
                                "key": true,
                                "secret": true
                            }
                        ],
                        "kafka_cluster": [
                            {}
                        ]
                    }
                },
                {
                    "address": "confluent_kafka_acl.connectors_source_write_topic_demo",
                    "mode": "managed",
                    "type": "confluent_kafka_acl",
                    "name": "connectors_source_write_topic_demo",
                    "provider_name": "registry.terraform.io/confluentinc/confluent",
                    "schema_version": 2,
                    "values": {
                        "credentials": [
                            {}
                        ],
                        "host": "*",
                        "kafka_cluster": [
                            {}
                        ],
                        "operation": "WRITE",
                        "pattern_type": "PREFIXED",
                        "permission": "ALLOW",
                        "resource_name": "shoe_",
                        "resource_type": "TOPIC"
                    },
                    "sensitive_values": {
                        "credentials": [
                            {
                                "key": true,
                                "secret": true
                            }
                        ],
                        "kafka_cluster": [
                            {}
                        ]
                    }
                },
                {
                    "address": "confluent_kafka_acl.connectors_source_write_topic_dlq",
                    "mode": "managed",
                    "type": "confluent_kafka_acl",
                    "name": "connectors_source_write_topic_dlq",
                    "provider_name": "registry.terraform.io/confluentinc/confluent",
                    "schema_version": 2,
                    "values": {
                        "credentials": [
                            {}
                        ],
                        "host": "*",
                        "kafka_cluster": [
                            {}
                        ],
                        "operation": "WRITE",
                        "pattern_type": "PREFIXED",
                        "permission": "ALLOW",
                        "resource_name": "dlq-",
                        "resource_type": "TOPIC"
                    },
                    "sensitive_values": {
                        "credentials": [
                            {
                                "key": true,
                                "secret": true
                            }
                        ],
                        "kafka_cluster": [
                            {}
                        ]
                    }
                },
                {
                    "address": "confluent_kafka_cluster.basic",
                    "mode": "managed",
                    "type": "confluent_kafka_cluster",
                    "name": "basic",
                    "provider_name": "registry.terraform.io/confluentinc/confluent",
                    "schema_version": 1,
                    "values": {
                        "availability": "SINGLE_ZONE",
                        "basic": [
                            {}
                        ],
                        "cloud": "AZURE",
                        "dedicated": [],
                        "display_name": "jsoto-basic-cluster",
                        "enterprise": [],
                        "environment": [
                            {}
                        ],
                        "freight": [],
                        "region": "spaincentral",
                        "standard": [],
                        "timeouts": null
                    },
                    "sensitive_values": {
                        "basic": [
                            {}
                        ],
                        "byok_key": [],
                        "dedicated": [],
                        "enterprise": [],
                        "environment": [
                            {}
                        ],
                        "freight": [],
                        "network": [],
                        "standard": []
                    }
                },
                {
                    "address": "confluent_kafka_topic.customers",
                    "mode": "managed",
                    "type": "confluent_kafka_topic",
                    "name": "customers",
                    "provider_name": "registry.terraform.io/confluentinc/confluent",
                    "schema_version": 2,
                    "values": {
                        "credentials": [
                            {}
                        ],
                        "kafka_cluster": [
                            {}
                        ],
                        "partitions_count": 1,
                        "topic_name": "shoe_customers"
                    },
                    "sensitive_values": {
                        "config": {},
                        "credentials": [
                            {
                                "key": true,
                                "secret": true
                            }
                        ],
                        "kafka_cluster": [
                            {}
                        ]
                    }
                },
                {
                    "address": "confluent_kafka_topic.order",
                    "mode": "managed",
                    "type": "confluent_kafka_topic",
                    "name": "order",
                    "provider_name": "registry.terraform.io/confluentinc/confluent",
                    "schema_version": 2,
                    "values": {
                        "credentials": [
                            {}
                        ],
                        "kafka_cluster": [
                            {}
                        ],
                        "partitions_count": 6,
                        "topic_name": "order"
                    },
                    "sensitive_values": {
                        "config": {},
                        "credentials": [
                            {
                                "key": true,
                                "secret": true
                            }
                        ],
                        "kafka_cluster": [
                            {}
                        ]
                    }
                },
                {
                    "address": "confluent_kafka_topic.products",
                    "mode": "managed",
                    "type": "confluent_kafka_topic",
                    "name": "products",
                    "provider_name": "registry.terraform.io/confluentinc/confluent",
                    "schema_version": 2,
                    "values": {
                        "credentials": [
                            {}
                        ],
                        "kafka_cluster": [
                            {}
                        ],
                        "partitions_count": 1,
                        "topic_name": "shoe_products"
                    },
                    "sensitive_values": {
                        "config": {},
                        "credentials": [
                            {
                                "key": true,
                                "secret": true
                            }
                        ],
                        "kafka_cluster": [
                            {}
                        ]
                    }
                },
                {
                    "address": "confluent_kafka_topic.shoe_orders",
                    "mode": "managed",
                    "type": "confluent_kafka_topic",
                    "name": "shoe_orders",
                    "provider_name": "registry.terraform.io/confluentinc/confluent",
                    "schema_version": 2,
                    "values": {
                        "credentials": [
                            {}
                        ],
                        "kafka_cluster": [
                            {}
                        ],
                        "partitions_count": 1,
                        "topic_name": "shoe_orders"
                    },
                    "sensitive_values": {
                        "config": {},
                        "credentials": [
                            {
                                "key": true,
                                "secret": true
                            }
                        ],
                        "kafka_cluster": [
                            {}
                        ]
                    }
                },
                {
                    "address": "confluent_role_binding.app-manager-kafka-cluster-admin",
                    "mode": "managed",
                    "type": "confluent_role_binding",
                    "name": "app-manager-kafka-cluster-admin",
                    "provider_name": "registry.terraform.io/confluentinc/confluent",
                    "schema_version": 0,
                    "values": {
                        "role_name": "CloudClusterAdmin"
                    },
                    "sensitive_values": {}
                },
                {
                    "address": "confluent_role_binding.app_manager_environment_admin",
                    "mode": "managed",
                    "type": "confluent_role_binding",
                    "name": "app_manager_environment_admin",
                    "provider_name": "registry.terraform.io/confluentinc/confluent",
                    "schema_version": 0,
                    "values": {
                        "role_name": "EnvironmentAdmin"
                    },
                    "sensitive_values": {}
                },
                {
                    "address": "confluent_role_binding.sr_environment_admin",
                    "mode": "managed",
                    "type": "confluent_role_binding",
                    "name": "sr_environment_admin",
                    "provider_name": "registry.terraform.io/confluentinc/confluent",
                    "schema_version": 0,
                    "values": {
                        "role_name": "EnvironmentAdmin"
                    },
                    "sensitive_values": {}
                },
                {
                    "address": "confluent_service_account.app-consumer",
                    "mode": "managed",
                    "type": "confluent_service_account",
                    "name": "app-consumer",
                    "provider_name": "registry.terraform.io/confluentinc/confluent",
                    "schema_version": 0,
                    "values": {
                        "description": "Service account to consume from 'order' topic of 'inventory' Kafka cluster",
                        "display_name": "app-consumer"
                    },
                    "sensitive_values": {}
                },
                {
                    "address": "confluent_service_account.app-manager",
                    "mode": "managed",
                    "type": "confluent_service_account",
                    "name": "app-manager",
                    "provider_name": "registry.terraform.io/confluentinc/confluent",
                    "schema_version": 0,
                    "values": {
                        "description": "Service account to manage 'inventory' Kafka cluster",
                        "display_name": "app-manager"
                    },
                    "sensitive_values": {}
                },
                {
                    "address": "confluent_service_account.app-producer",
                    "mode": "managed",
                    "type": "confluent_service_account",
                    "name": "app-producer",
                    "provider_name": "registry.terraform.io/confluentinc/confluent",
                    "schema_version": 0,
                    "values": {
                        "description": "Service account to produce to 'order' topic of 'inventory' Kafka cluster",
                        "display_name": "app-producer"
                    },
                    "sensitive_values": {}
                },
                {
                    "address": "confluent_service_account.app_manager",
                    "mode": "managed",
                    "type": "confluent_service_account",
                    "name": "app_manager",
                    "provider_name": "registry.terraform.io/confluentinc/confluent",
                    "schema_version": 0,
                    "values": {
                        "description": "SR service accout - app_manager"
                    },
                    "sensitive_values": {}
                },
                {
                    "address": "confluent_service_account.clients",
                    "mode": "managed",
                    "type": "confluent_service_account",
                    "name": "clients",
                    "provider_name": "registry.terraform.io/confluentinc/confluent",
                    "schema_version": 0,
                    "values": {
                        "description": "SR service accout - app_manager"
                    },
                    "sensitive_values": {}
                },
                {
                    "address": "confluent_service_account.connectors",
                    "mode": "managed",
                    "type": "confluent_service_account",
                    "name": "connectors",
                    "provider_name": "registry.terraform.io/confluentinc/confluent",
                    "schema_version": 0,
                    "values": {
                        "description": "Service account to manage connector"
                    },
                    "sensitive_values": {}
                },
                {
                    "address": "confluent_service_account.sr",
                    "mode": "managed",
                    "type": "confluent_service_account",
                    "name": "sr",
                    "provider_name": "registry.terraform.io/confluentinc/confluent",
                    "schema_version": 0,
                    "values": {
                        "description": "SR service accout - app_manager"
                    },
                    "sensitive_values": {}
                },
                {
                    "address": "confluent_tag.pii",
                    "mode": "managed",
                    "type": "confluent_tag",
                    "name": "pii",
                    "provider_name": "registry.terraform.io/confluentinc/confluent",
                    "schema_version": 0,
                    "values": {
                        "credentials": [
                            {}
                        ],
                        "description": "PII tag",
                        "name": "PII",
                        "schema_registry_cluster": [
                            {}
                        ]
                    },
                    "sensitive_values": {
                        "credentials": [
                            {
                                "key": true,
                                "secret": true
                            }
                        ],
                        "entity_types": [],
                        "schema_registry_cluster": [
                            {}
                        ]
                    }
                },
                {
                    "address": "confluent_tag.public",
                    "mode": "managed",
                    "type": "confluent_tag",
                    "name": "public",
                    "provider_name": "registry.terraform.io/confluentinc/confluent",
                    "schema_version": 0,
                    "values": {
                        "credentials": [
                            {}
                        ],
                        "description": "Public tag",
                        "name": "Public",
                        "schema_registry_cluster": [
                            {}
                        ]
                    },
                    "sensitive_values": {
                        "credentials": [
                            {
                                "key": true,
                                "secret": true
                            }
                        ],
                        "entity_types": [],
                        "schema_registry_cluster": [
                            {}
                        ]
                    }
                },
                {
                    "address": "confluent_tag_binding.customers",
                    "mode": "managed",
                    "type": "confluent_tag_binding",
                    "name": "customers",
                    "provider_name": "registry.terraform.io/confluentinc/confluent",
                    "schema_version": 0,
                    "values": {
                        "credentials": [
                            {}
                        ],
                        "entity_type": "kafka_topic",
                        "schema_registry_cluster": [
                            {}
                        ],
                        "tag_name": "PII"
                    },
                    "sensitive_values": {
                        "credentials": [
                            {
                                "key": true,
                                "secret": true
                            }
                        ],
                        "schema_registry_cluster": [
                            {}
                        ]
                    }
                },
                {
                    "address": "confluent_tag_binding.orders",
                    "mode": "managed",
                    "type": "confluent_tag_binding",
                    "name": "orders",
                    "provider_name": "registry.terraform.io/confluentinc/confluent",
                    "schema_version": 0,
                    "values": {
                        "credentials": [
                            {}
                        ],
                        "entity_type": "kafka_topic",
                        "schema_registry_cluster": [
                            {}
                        ],
                        "tag_name": "Public"
                    },
                    "sensitive_values": {
                        "credentials": [
                            {
                                "key": true,
                                "secret": true
                            }
                        ],
                        "schema_registry_cluster": [
                            {}
                        ]
                    }
                },
                {
                    "address": "confluent_tag_binding.products",
                    "mode": "managed",
                    "type": "confluent_tag_binding",
                    "name": "products",
                    "provider_name": "registry.terraform.io/confluentinc/confluent",
                    "schema_version": 0,
                    "values": {
                        "credentials": [
                            {}
                        ],
                        "entity_type": "kafka_topic",
                        "schema_registry_cluster": [
                            {}
                        ],
                        "tag_name": "Public"
                    },
                    "sensitive_values": {
                        "credentials": [
                            {
                                "key": true,
                                "secret": true
                            }
                        ],
                        "schema_registry_cluster": [
                            {}
                        ]
                    }
                },
                {
                    "address": "data.confluent_schema_registry_cluster.essentials",
                    "mode": "data",
                    "type": "confluent_schema_registry_cluster",
                    "name": "essentials",
                    "provider_name": "registry.terraform.io/confluentinc/confluent",
                    "schema_version": 0,
                    "values": {
                        "environment": [
                            {}
                        ]
                    },
                    "sensitive_values": {
                        "environment": [
                            {}
                        ]
                    }
                },
                {
                    "address": "random_id.id",
                    "mode": "managed",
                    "type": "random_id",
                    "name": "id",
                    "provider_name": "registry.terraform.io/hashicorp/random",
                    "schema_version": 0,
                    "values": {
                        "byte_length": 4,
                        "keepers": null,
                        "prefix": null
                    },
                    "sensitive_values": {}
                }
            ]
        }
    },
    "resource_changes": [
        {
            "address": "data.confluent_schema_registry_cluster.essentials",
            "mode": "data",
            "type": "confluent_schema_registry_cluster",
            "name": "essentials",
            "provider_name": "registry.terraform.io/confluentinc/confluent",
            "change": {
                "actions": [
                    "read"
                ],
                "before": null,
                "after": {
                    "environment": [
                        {}
                    ]
                },
                "after_unknown": {
                    "api_version": true,
                    "catalog_endpoint": true,
                    "cloud": true,
                    "display_name": true,
                    "environment": [
                        {
                            "id": true
                        }
                    ],
                    "id": true,
                    "kind": true,
                    "package": true,
                    "private_rest_endpoint": true,
                    "region": true,
                    "resource_name": true,
                    "rest_endpoint": true
                },
                "before_sensitive": false,
                "after_sensitive": {
                    "environment": [
                        {}
                    ]
                }
            },
            "action_reason": "read_because_config_unknown"
        },
        {
            "address": "confluent_api_key.app-consumer-kafka-api-key",
            "mode": "managed",
            "type": "confluent_api_key",
            "name": "app-consumer-kafka-api-key",
            "provider_name": "registry.terraform.io/confluentinc/confluent",
            "change": {
                "actions": [
                    "create"
                ],
                "before": null,
                "after": {
                    "description": "Kafka API Key that is owned by 'app-consumer' service account",
                    "disable_wait_for_ready": false,
                    "display_name": "app-consumer-kafka-api-key",
                    "managed_resource": [
                        {
                            "environment": [
                                {}
                            ]
                        }
                    ],
                    "owner": [
                        {}
                    ]
                },
                "after_unknown": {
                    "id": true,
                    "managed_resource": [
                        {
                            "api_version": true,
                            "environment": [
                                {
                                    "id": true
                                }
                            ],
                            "id": true,
                            "kind": true
                        }
                    ],
                    "owner": [
                        {
                            "api_version": true,
                            "id": true,
                            "kind": true
                        }
                    ],
                    "secret": true
                },
                "before_sensitive": false,
                "after_sensitive": {
                    "managed_resource": [
                        {
                            "environment": [
                                {}
                            ]
                        }
                    ],
                    "owner": [
                        {}
                    ],
                    "secret": true
                }
            }
        },
        {
            "address": "confluent_api_key.app-manager-kafka-api-key",
            "mode": "managed",
            "type": "confluent_api_key",
            "name": "app-manager-kafka-api-key",
            "provider_name": "registry.terraform.io/confluentinc/confluent",
            "change": {
                "actions": [
                    "create"
                ],
                "before": null,
                "after": {
                    "description": "Kafka API Key that is owned by 'app-manager' service account",
                    "disable_wait_for_ready": false,
                    "display_name": "app-manager-kafka-api-key",
                    "managed_resource": [
                        {
                            "environment": [
                                {}
                            ]
                        }
                    ],
                    "owner": [
                        {}
                    ]
                },
                "after_unknown": {
                    "id": true,
                    "managed_resource": [
                        {
                            "api_version": true,
                            "environment": [
                                {
                                    "id": true
                                }
                            ],
                            "id": true,
                            "kind": true
                        }
                    ],
                    "owner": [
                        {
                            "api_version": true,
                            "id": true,
                            "kind": true
                        }
                    ],
                    "secret": true
                },
                "before_sensitive": false,
                "after_sensitive": {
                    "managed_resource": [
                        {
                            "environment": [
                                {}
                            ]
                        }
                    ],
                    "owner": [
                        {}
                    ],
                    "secret": true
                }
            }
        },
        {
            "address": "confluent_api_key.app-producer-kafka-api-key",
            "mode": "managed",
            "type": "confluent_api_key",
            "name": "app-producer-kafka-api-key",
            "provider_name": "registry.terraform.io/confluentinc/confluent",
            "change": {
                "actions": [
                    "create"
                ],
                "before": null,
                "after": {
                    "description": "Kafka API Key that is owned by 'app-producer' service account",
                    "disable_wait_for_ready": false,
                    "display_name": "app-producer-kafka-api-key",
                    "managed_resource": [
                        {
                            "environment": [
                                {}
                            ]
                        }
                    ],
                    "owner": [
                        {}
                    ]
                },
                "after_unknown": {
                    "id": true,
                    "managed_resource": [
                        {
                            "api_version": true,
                            "environment": [
                                {
                                    "id": true
                                }
                            ],
                            "id": true,
                            "kind": true
                        }
                    ],
                    "owner": [
                        {
                            "api_version": true,
                            "id": true,
                            "kind": true
                        }
                    ],
                    "secret": true
                },
                "before_sensitive": false,
                "after_sensitive": {
                    "managed_resource": [
                        {
                            "environment": [
                                {}
                            ]
                        }
                    ],
                    "owner": [
                        {}
                    ],
                    "secret": true
                }
            }
        },
        {
            "address": "confluent_api_key.app_manager_kafka_cluster_key",
            "mode": "managed",
            "type": "confluent_api_key",
            "name": "app_manager_kafka_cluster_key",
            "provider_name": "registry.terraform.io/confluentinc/confluent",
            "change": {
                "actions": [
                    "create"
                ],
                "before": null,
                "after": {
                    "description": "app conector",
                    "disable_wait_for_ready": false,
                    "managed_resource": [
                        {
                            "environment": [
                                {}
                            ]
                        }
                    ],
                    "owner": [
                        {}
                    ]
                },
                "after_unknown": {
                    "display_name": true,
                    "id": true,
                    "managed_resource": [
                        {
                            "api_version": true,
                            "environment": [
                                {
                                    "id": true
                                }
                            ],
                            "id": true,
                            "kind": true
                        }
                    ],
                    "owner": [
                        {
                            "api_version": true,
                            "id": true,
                            "kind": true
                        }
                    ],
                    "secret": true
                },
                "before_sensitive": false,
                "after_sensitive": {
                    "managed_resource": [
                        {
                            "environment": [
                                {}
                            ]
                        }
                    ],
                    "owner": [
                        {}
                    ],
                    "secret": true
                }
            }
        },
        {
            "address": "confluent_api_key.connector_key",
            "mode": "managed",
            "type": "confluent_api_key",
            "name": "connector_key",
            "provider_name": "registry.terraform.io/confluentinc/confluent",
            "change": {
                "actions": [
                    "create"
                ],
                "before": null,
                "after": {
                    "description": "api key for the connector",
                    "disable_wait_for_ready": false,
                    "managed_resource": [
                        {
                            "environment": [
                                {}
                            ]
                        }
                    ],
                    "owner": [
                        {}
                    ]
                },
                "after_unknown": {
                    "display_name": true,
                    "id": true,
                    "managed_resource": [
                        {
                            "api_version": true,
                            "environment": [
                                {
                                    "id": true
                                }
                            ],
                            "id": true,
                            "kind": true
                        }
                    ],
                    "owner": [
                        {
                            "api_version": true,
                            "id": true,
                            "kind": true
                        }
                    ],
                    "secret": true
                },
                "before_sensitive": false,
                "after_sensitive": {
                    "managed_resource": [
                        {
                            "environment": [
                                {}
                            ]
                        }
                    ],
                    "owner": [
                        {}
                    ],
                    "secret": true
                }
            }
        },
        {
            "address": "confluent_api_key.sr_cluster_key",
            "mode": "managed",
            "type": "confluent_api_key",
            "name": "sr_cluster_key",
            "provider_name": "registry.terraform.io/confluentinc/confluent",
            "change": {
                "actions": [
                    "create"
                ],
                "before": null,
                "after": {
                    "description": "api key for schema registry",
                    "disable_wait_for_ready": false,
                    "managed_resource": [
                        {
                            "environment": [
                                {}
                            ]
                        }
                    ],
                    "owner": [
                        {}
                    ]
                },
                "after_unknown": {
                    "display_name": true,
                    "id": true,
                    "managed_resource": [
                        {
                            "api_version": true,
                            "environment": [
                                {
                                    "id": true
                                }
                            ],
                            "id": true,
                            "kind": true
                        }
                    ],
                    "owner": [
                        {
                            "api_version": true,
                            "id": true,
                            "kind": true
                        }
                    ],
                    "secret": true
                },
                "before_sensitive": false,
                "after_sensitive": {
                    "managed_resource": [
                        {
                            "environment": [
                                {}
                            ]
                        }
                    ],
                    "owner": [
                        {}
                    ],
                    "secret": true
                }
            }
        },
        {
            "address": "confluent_connector.datagen_customers",
            "mode": "managed",
            "type": "confluent_connector",
            "name": "datagen_customers",
            "provider_name": "registry.terraform.io/confluentinc/confluent",
            "change": {
                "actions": [
                    "create"
                ],
                "before": null,
                "after": {
                    "environment": [
                        {}
                    ],
                    "kafka_cluster": [
                        {}
                    ],
                    "timeouts": null
                },
                "after_unknown": {
                    "config_nonsensitive": true,
                    "config_sensitive": true,
                    "environment": [
                        {
                            "id": true
                        }
                    ],
                    "id": true,
                    "kafka_cluster": [
                        {
                            "id": true
                        }
                    ],
                    "status": true
                },
                "before_sensitive": false,
                "after_sensitive": {
                    "config_nonsensitive": {},
                    "config_sensitive": true,
                    "environment": [
                        {}
                    ],
                    "kafka_cluster": [
                        {}
                    ]
                }
            }
        },
        {
            "address": "confluent_connector.datagen_orders",
            "mode": "managed",
            "type": "confluent_connector",
            "name": "datagen_orders",
            "provider_name": "registry.terraform.io/confluentinc/confluent",
            "change": {
                "actions": [
                    "create"
                ],
                "before": null,
                "after": {
                    "environment": [
                        {}
                    ],
                    "kafka_cluster": [
                        {}
                    ],
                    "timeouts": null
                },
                "after_unknown": {
                    "config_nonsensitive": true,
                    "config_sensitive": true,
                    "environment": [
                        {
                            "id": true
                        }
                    ],
                    "id": true,
                    "kafka_cluster": [
                        {
                            "id": true
                        }
                    ],
                    "status": true
                },
                "before_sensitive": false,
                "after_sensitive": {
                    "config_nonsensitive": {},
                    "config_sensitive": true,
                    "environment": [
                        {}
                    ],
                    "kafka_cluster": [
                        {}
                    ]
                }
            }
        },
        {
            "address": "confluent_connector.datagen_products",
            "mode": "managed",
            "type": "confluent_connector",
            "name": "datagen_products",
            "provider_name": "registry.terraform.io/confluentinc/confluent",
            "change": {
                "actions": [
                    "create"
                ],
                "before": null,
                "after": {
                    "environment": [
                        {}
                    ],
                    "kafka_cluster": [
                        {}
                    ],
                    "timeouts": null
                },
                "after_unknown": {
                    "config_nonsensitive": true,
                    "config_sensitive": true,
                    "environment": [
                        {
                            "id": true
                        }
                    ],
                    "id": true,
                    "kafka_cluster": [
                        {
                            "id": true
                        }
                    ],
                    "status": true
                },
                "before_sensitive": false,
                "after_sensitive": {
                    "config_nonsensitive": {},
                    "config_sensitive": true,
                    "environment": [
                        {}
                    ],
                    "kafka_cluster": [
                        {}
                    ]
                }
            }
        },
        {
            "address": "confluent_environment.staging",
            "mode": "managed",
            "type": "confluent_environment",
            "name": "staging",
            "provider_name": "registry.terraform.io/confluentinc/confluent",
            "change": {
                "actions": [
                    "create"
                ],
                "before": null,
                "after": {
                    "display_name": "jsoto-env",
                    "stream_governance": [
                        {
                            "package": "ESSENTIALS"
                        }
                    ]
                },
                "after_unknown": {
                    "id": true,
                    "resource_name": true,
                    "stream_governance": [
                        {}
                    ]
                },
                "before_sensitive": false,
                "after_sensitive": {
                    "stream_governance": [
                        {}
                    ]
                }
            }
        },
        {
            "address": "confluent_kafka_acl.app-consumer-read-on-group",
            "mode": "managed",
            "type": "confluent_kafka_acl",
            "name": "app-consumer-read-on-group",
            "provider_name": "registry.terraform.io/confluentinc/confluent",
            "change": {
                "actions": [
                    "create"
                ],
                "before": null,
                "after": {
                    "credentials": [
                        {}
                    ],
                    "host": "*",
                    "kafka_cluster": [
                        {}
                    ],
                    "operation": "READ",
                    "pattern_type": "PREFIXED",
                    "permission": "ALLOW",
                    "resource_name": "confluent_cli_consumer_",
                    "resource_type": "GROUP"
                },
                "after_unknown": {
                    "credentials": [
                        {
                            "key": true,
                            "secret": true
                        }
                    ],
                    "id": true,
                    "kafka_cluster": [
                        {
                            "id": true
                        }
                    ],
                    "principal": true,
                    "rest_endpoint": true
                },
                "before_sensitive": false,
                "after_sensitive": {
                    "credentials": [
                        {
                            "key": true,
                            "secret": true
                        }
                    ],
                    "kafka_cluster": [
                        {}
                    ]
                }
            }
        },
        {
            "address": "confluent_kafka_acl.app-consumer-read-on-topic",
            "mode": "managed",
            "type": "confluent_kafka_acl",
            "name": "app-consumer-read-on-topic",
            "provider_name": "registry.terraform.io/confluentinc/confluent",
            "change": {
                "actions": [
                    "create"
                ],
                "before": null,
                "after": {
                    "credentials": [
                        {}
                    ],
                    "host": "*",
                    "kafka_cluster": [
                        {}
                    ],
                    "operation": "READ",
                    "pattern_type": "LITERAL",
                    "permission": "ALLOW",
                    "resource_name": "order",
                    "resource_type": "TOPIC"
                },
                "after_unknown": {
                    "credentials": [
                        {
                            "key": true,
                            "secret": true
                        }
                    ],
                    "id": true,
                    "kafka_cluster": [
                        {
                            "id": true
                        }
                    ],
                    "principal": true,
                    "rest_endpoint": true
                },
                "before_sensitive": false,
                "after_sensitive": {
                    "credentials": [
                        {
                            "key": true,
                            "secret": true
                        }
                    ],
                    "kafka_cluster": [
                        {}
                    ]
                }
            }
        },
        {
            "address": "confluent_kafka_acl.app-producer-write-on-topic",
            "mode": "managed",
            "type": "confluent_kafka_acl",
            "name": "app-producer-write-on-topic",
            "provider_name": "registry.terraform.io/confluentinc/confluent",
            "change": {
                "actions": [
                    "create"
                ],
                "before": null,
                "after": {
                    "credentials": [
                        {}
                    ],
                    "host": "*",
                    "kafka_cluster": [
                        {}
                    ],
                    "operation": "WRITE",
                    "pattern_type": "LITERAL",
                    "permission": "ALLOW",
                    "resource_name": "order",
                    "resource_type": "TOPIC"
                },
                "after_unknown": {
                    "credentials": [
                        {
                            "key": true,
                            "secret": true
                        }
                    ],
                    "id": true,
                    "kafka_cluster": [
                        {
                            "id": true
                        }
                    ],
                    "principal": true,
                    "rest_endpoint": true
                },
                "before_sensitive": false,
                "after_sensitive": {
                    "credentials": [
                        {
                            "key": true,
                            "secret": true
                        }
                    ],
                    "kafka_cluster": [
                        {}
                    ]
                }
            }
        },
        {
            "address": "confluent_kafka_acl.connectors_source_consumer_group",
            "mode": "managed",
            "type": "confluent_kafka_acl",
            "name": "connectors_source_consumer_group",
            "provider_name": "registry.terraform.io/confluentinc/confluent",
            "change": {
                "actions": [
                    "create"
                ],
                "before": null,
                "after": {
                    "credentials": [
                        {}
                    ],
                    "host": "*",
                    "kafka_cluster": [
                        {}
                    ],
                    "operation": "READ",
                    "pattern_type": "PREFIXED",
                    "permission": "ALLOW",
                    "resource_name": "connect",
                    "resource_type": "GROUP"
                },
                "after_unknown": {
                    "credentials": [
                        {
                            "key": true,
                            "secret": true
                        }
                    ],
                    "id": true,
                    "kafka_cluster": [
                        {
                            "id": true
                        }
                    ],
                    "principal": true,
                    "rest_endpoint": true
                },
                "before_sensitive": false,
                "after_sensitive": {
                    "credentials": [
                        {
                            "key": true,
                            "secret": true
                        }
                    ],
                    "kafka_cluster": [
                        {}
                    ]
                }
            }
        },
        {
            "address": "confluent_kafka_acl.connectors_source_create_topic_demo",
            "mode": "managed",
            "type": "confluent_kafka_acl",
            "name": "connectors_source_create_topic_demo",
            "provider_name": "registry.terraform.io/confluentinc/confluent",
            "change": {
                "actions": [
                    "create"
                ],
                "before": null,
                "after": {
                    "credentials": [
                        {}
                    ],
                    "host": "*",
                    "kafka_cluster": [
                        {}
                    ],
                    "operation": "CREATE",
                    "pattern_type": "PREFIXED",
                    "permission": "ALLOW",
                    "resource_name": "shoe_",
                    "resource_type": "TOPIC"
                },
                "after_unknown": {
                    "credentials": [
                        {
                            "key": true,
                            "secret": true
                        }
                    ],
                    "id": true,
                    "kafka_cluster": [
                        {
                            "id": true
                        }
                    ],
                    "principal": true,
                    "rest_endpoint": true
                },
                "before_sensitive": false,
                "after_sensitive": {
                    "credentials": [
                        {
                            "key": true,
                            "secret": true
                        }
                    ],
                    "kafka_cluster": [
                        {}
                    ]
                }
            }
        },
        {
            "address": "confluent_kafka_acl.connectors_source_create_topic_dlq",
            "mode": "managed",
            "type": "confluent_kafka_acl",
            "name": "connectors_source_create_topic_dlq",
            "provider_name": "registry.terraform.io/confluentinc/confluent",
            "change": {
                "actions": [
                    "create"
                ],
                "before": null,
                "after": {
                    "credentials": [
                        {}
                    ],
                    "host": "*",
                    "kafka_cluster": [
                        {}
                    ],
                    "operation": "CREATE",
                    "pattern_type": "PREFIXED",
                    "permission": "ALLOW",
                    "resource_name": "dlq-",
                    "resource_type": "TOPIC"
                },
                "after_unknown": {
                    "credentials": [
                        {
                            "key": true,
                            "secret": true
                        }
                    ],
                    "id": true,
                    "kafka_cluster": [
                        {
                            "id": true
                        }
                    ],
                    "principal": true,
                    "rest_endpoint": true
                },
                "before_sensitive": false,
                "after_sensitive": {
                    "credentials": [
                        {
                            "key": true,
                            "secret": true
                        }
                    ],
                    "kafka_cluster": [
                        {}
                    ]
                }
            }
        },
        {
            "address": "confluent_kafka_acl.connectors_source_describe_cluster",
            "mode": "managed",
            "type": "confluent_kafka_acl",
            "name": "connectors_source_describe_cluster",
            "provider_name": "registry.terraform.io/confluentinc/confluent",
            "change": {
                "actions": [
                    "create"
                ],
                "before": null,
                "after": {
                    "credentials": [
                        {}
                    ],
                    "host": "*",
                    "kafka_cluster": [
                        {}
                    ],
                    "operation": "DESCRIBE",
                    "pattern_type": "LITERAL",
                    "permission": "ALLOW",
                    "resource_name": "kafka-cluster",
                    "resource_type": "CLUSTER"
                },
                "after_unknown": {
                    "credentials": [
                        {
                            "key": true,
                            "secret": true
                        }
                    ],
                    "id": true,
                    "kafka_cluster": [
                        {
                            "id": true
                        }
                    ],
                    "principal": true,
                    "rest_endpoint": true
                },
                "before_sensitive": false,
                "after_sensitive": {
                    "credentials": [
                        {
                            "key": true,
                            "secret": true
                        }
                    ],
                    "kafka_cluster": [
                        {}
                    ]
                }
            }
        },
        {
            "address": "confluent_kafka_acl.connectors_source_read_topic_demo",
            "mode": "managed",
            "type": "confluent_kafka_acl",
            "name": "connectors_source_read_topic_demo",
            "provider_name": "registry.terraform.io/confluentinc/confluent",
            "change": {
                "actions": [
                    "create"
                ],
                "before": null,
                "after": {
                    "credentials": [
                        {}
                    ],
                    "host": "*",
                    "kafka_cluster": [
                        {}
                    ],
                    "operation": "READ",
                    "pattern_type": "PREFIXED",
                    "permission": "ALLOW",
                    "resource_name": "shoe_",
                    "resource_type": "TOPIC"
                },
                "after_unknown": {
                    "credentials": [
                        {
                            "key": true,
                            "secret": true
                        }
                    ],
                    "id": true,
                    "kafka_cluster": [
                        {
                            "id": true
                        }
                    ],
                    "principal": true,
                    "rest_endpoint": true
                },
                "before_sensitive": false,
                "after_sensitive": {
                    "credentials": [
                        {
                            "key": true,
                            "secret": true
                        }
                    ],
                    "kafka_cluster": [
                        {}
                    ]
                }
            }
        },
        {
            "address": "confluent_kafka_acl.connectors_source_read_topic_dlq",
            "mode": "managed",
            "type": "confluent_kafka_acl",
            "name": "connectors_source_read_topic_dlq",
            "provider_name": "registry.terraform.io/confluentinc/confluent",
            "change": {
                "actions": [
                    "create"
                ],
                "before": null,
                "after": {
                    "credentials": [
                        {}
                    ],
                    "host": "*",
                    "kafka_cluster": [
                        {}
                    ],
                    "operation": "READ",
                    "pattern_type": "PREFIXED",
                    "permission": "ALLOW",
                    "resource_name": "dlq-",
                    "resource_type": "TOPIC"
                },
                "after_unknown": {
                    "credentials": [
                        {
                            "key": true,
                            "secret": true
                        }
                    ],
                    "id": true,
                    "kafka_cluster": [
                        {
                            "id": true
                        }
                    ],
                    "principal": true,
                    "rest_endpoint": true
                },
                "before_sensitive": false,
                "after_sensitive": {
                    "credentials": [
                        {
                            "key": true,
                            "secret": true
                        }
                    ],
                    "kafka_cluster": [
                        {}
                    ]
                }
            }
        },
        {
            "address": "confluent_kafka_acl.connectors_source_write_topic_demo",
            "mode": "managed",
            "type": "confluent_kafka_acl",
            "name": "connectors_source_write_topic_demo",
            "provider_name": "registry.terraform.io/confluentinc/confluent",
            "change": {
                "actions": [
                    "create"
                ],
                "before": null,
                "after": {
                    "credentials": [
                        {}
                    ],
                    "host": "*",
                    "kafka_cluster": [
                        {}
                    ],
                    "operation": "WRITE",
                    "pattern_type": "PREFIXED",
                    "permission": "ALLOW",
                    "resource_name": "shoe_",
                    "resource_type": "TOPIC"
                },
                "after_unknown": {
                    "credentials": [
                        {
                            "key": true,
                            "secret": true
                        }
                    ],
                    "id": true,
                    "kafka_cluster": [
                        {
                            "id": true
                        }
                    ],
                    "principal": true,
                    "rest_endpoint": true
                },
                "before_sensitive": false,
                "after_sensitive": {
                    "credentials": [
                        {
                            "key": true,
                            "secret": true
                        }
                    ],
                    "kafka_cluster": [
                        {}
                    ]
                }
            }
        },
        {
            "address": "confluent_kafka_acl.connectors_source_write_topic_dlq",
            "mode": "managed",
            "type": "confluent_kafka_acl",
            "name": "connectors_source_write_topic_dlq",
            "provider_name": "registry.terraform.io/confluentinc/confluent",
            "change": {
                "actions": [
                    "create"
                ],
                "before": null,
                "after": {
                    "credentials": [
                        {}
                    ],
                    "host": "*",
                    "kafka_cluster": [
                        {}
                    ],
                    "operation": "WRITE",
                    "pattern_type": "PREFIXED",
                    "permission": "ALLOW",
                    "resource_name": "dlq-",
                    "resource_type": "TOPIC"
                },
                "after_unknown": {
                    "credentials": [
                        {
                            "key": true,
                            "secret": true
                        }
                    ],
                    "id": true,
                    "kafka_cluster": [
                        {
                            "id": true
                        }
                    ],
                    "principal": true,
                    "rest_endpoint": true
                },
                "before_sensitive": false,
                "after_sensitive": {
                    "credentials": [
                        {
                            "key": true,
                            "secret": true
                        }
                    ],
                    "kafka_cluster": [
                        {}
                    ]
                }
            }
        },
        {
            "address": "confluent_kafka_cluster.basic",
            "mode": "managed",
            "type": "confluent_kafka_cluster",
            "name": "basic",
            "provider_name": "registry.terraform.io/confluentinc/confluent",
            "change": {
                "actions": [
                    "create"
                ],
                "before": null,
                "after": {
                    "availability": "SINGLE_ZONE",
                    "basic": [
                        {}
                    ],
                    "cloud": "AZURE",
                    "dedicated": [],
                    "display_name": "jsoto-basic-cluster",
                    "enterprise": [],
                    "environment": [
                        {}
                    ],
                    "freight": [],
                    "region": "spaincentral",
                    "standard": [],
                    "timeouts": null
                },
                "after_unknown": {
                    "api_version": true,
                    "basic": [
                        {}
                    ],
                    "bootstrap_endpoint": true,
                    "byok_key": true,
                    "dedicated": [],
                    "enterprise": [],
                    "environment": [
                        {
                            "id": true
                        }
                    ],
                    "freight": [],
                    "id": true,
                    "kind": true,
                    "network": true,
                    "rbac_crn": true,
                    "rest_endpoint": true,
                    "standard": []
                },
                "before_sensitive": false,
                "after_sensitive": {
                    "basic": [
                        {}
                    ],
                    "byok_key": [],
                    "dedicated": [],
                    "enterprise": [],
                    "environment": [
                        {}
                    ],
                    "freight": [],
                    "network": [],
                    "standard": []
                }
            }
        },
        {
            "address": "confluent_kafka_topic.customers",
            "mode": "managed",
            "type": "confluent_kafka_topic",
            "name": "customers",
            "provider_name": "registry.terraform.io/confluentinc/confluent",
            "change": {
                "actions": [
                    "create"
                ],
                "before": null,
                "after": {
                    "credentials": [
                        {}
                    ],
                    "kafka_cluster": [
                        {}
                    ],
                    "partitions_count": 1,
                    "topic_name": "shoe_customers"
                },
                "after_unknown": {
                    "config": true,
                    "credentials": [
                        {
                            "key": true,
                            "secret": true
                        }
                    ],
                    "id": true,
                    "kafka_cluster": [
                        {
                            "id": true
                        }
                    ],
                    "rest_endpoint": true
                },
                "before_sensitive": false,
                "after_sensitive": {
                    "config": {},
                    "credentials": [
                        {
                            "key": true,
                            "secret": true
                        }
                    ],
                    "kafka_cluster": [
                        {}
                    ]
                }
            }
        },
        {
            "address": "confluent_kafka_topic.order",
            "mode": "managed",
            "type": "confluent_kafka_topic",
            "name": "order",
            "provider_name": "registry.terraform.io/confluentinc/confluent",
            "change": {
                "actions": [
                    "create"
                ],
                "before": null,
                "after": {
                    "credentials": [
                        {}
                    ],
                    "kafka_cluster": [
                        {}
                    ],
                    "partitions_count": 6,
                    "topic_name": "order"
                },
                "after_unknown": {
                    "config": true,
                    "credentials": [
                        {
                            "key": true,
                            "secret": true
                        }
                    ],
                    "id": true,
                    "kafka_cluster": [
                        {
                            "id": true
                        }
                    ],
                    "rest_endpoint": true
                },
                "before_sensitive": false,
                "after_sensitive": {
                    "config": {},
                    "credentials": [
                        {
                            "key": true,
                            "secret": true
                        }
                    ],
                    "kafka_cluster": [
                        {}
                    ]
                }
            }
        },
        {
            "address": "confluent_kafka_topic.products",
            "mode": "managed",
            "type": "confluent_kafka_topic",
            "name": "products",
            "provider_name": "registry.terraform.io/confluentinc/confluent",
            "change": {
                "actions": [
                    "create"
                ],
                "before": null,
                "after": {
                    "credentials": [
                        {}
                    ],
                    "kafka_cluster": [
                        {}
                    ],
                    "partitions_count": 1,
                    "topic_name": "shoe_products"
                },
                "after_unknown": {
                    "config": true,
                    "credentials": [
                        {
                            "key": true,
                            "secret": true
                        }
                    ],
                    "id": true,
                    "kafka_cluster": [
                        {
                            "id": true
                        }
                    ],
                    "rest_endpoint": true
                },
                "before_sensitive": false,
                "after_sensitive": {
                    "config": {},
                    "credentials": [
                        {
                            "key": true,
                            "secret": true
                        }
                    ],
                    "kafka_cluster": [
                        {}
                    ]
                }
            }
        },
        {
            "address": "confluent_kafka_topic.shoe_orders",
            "mode": "managed",
            "type": "confluent_kafka_topic",
            "name": "shoe_orders",
            "provider_name": "registry.terraform.io/confluentinc/confluent",
            "change": {
                "actions": [
                    "create"
                ],
                "before": null,
                "after": {
                    "credentials": [
                        {}
                    ],
                    "kafka_cluster": [
                        {}
                    ],
                    "partitions_count": 1,
                    "topic_name": "shoe_orders"
                },
                "after_unknown": {
                    "config": true,
                    "credentials": [
                        {
                            "key": true,
                            "secret": true
                        }
                    ],
                    "id": true,
                    "kafka_cluster": [
                        {
                            "id": true
                        }
                    ],
                    "rest_endpoint": true
                },
                "before_sensitive": false,
                "after_sensitive": {
                    "config": {},
                    "credentials": [
                        {
                            "key": true,
                            "secret": true
                        }
                    ],
                    "kafka_cluster": [
                        {}
                    ]
                }
            }
        },
        {
            "address": "confluent_role_binding.app-manager-kafka-cluster-admin",
            "mode": "managed",
            "type": "confluent_role_binding",
            "name": "app-manager-kafka-cluster-admin",
            "provider_name": "registry.terraform.io/confluentinc/confluent",
            "change": {
                "actions": [
                    "create"
                ],
                "before": null,
                "after": {
                    "role_name": "CloudClusterAdmin"
                },
                "after_unknown": {
                    "crn_pattern": true,
                    "id": true,
                    "principal": true
                },
                "before_sensitive": false,
                "after_sensitive": {}
            }
        },
        {
            "address": "confluent_role_binding.app_manager_environment_admin",
            "mode": "managed",
            "type": "confluent_role_binding",
            "name": "app_manager_environment_admin",
            "provider_name": "registry.terraform.io/confluentinc/confluent",
            "change": {
                "actions": [
                    "create"
                ],
                "before": null,
                "after": {
                    "role_name": "EnvironmentAdmin"
                },
                "after_unknown": {
                    "crn_pattern": true,
                    "id": true,
                    "principal": true
                },
                "before_sensitive": false,
                "after_sensitive": {}
            }
        },
        {
            "address": "confluent_role_binding.sr_environment_admin",
            "mode": "managed",
            "type": "confluent_role_binding",
            "name": "sr_environment_admin",
            "provider_name": "registry.terraform.io/confluentinc/confluent",
            "change": {
                "actions": [
                    "create"
                ],
                "before": null,
                "after": {
                    "role_name": "EnvironmentAdmin"
                },
                "after_unknown": {
                    "crn_pattern": true,
                    "id": true,
                    "principal": true
                },
                "before_sensitive": false,
                "after_sensitive": {}
            }
        },
        {
            "address": "confluent_service_account.app-consumer",
            "mode": "managed",
            "type": "confluent_service_account",
            "name": "app-consumer",
            "provider_name": "registry.terraform.io/confluentinc/confluent",
            "change": {
                "actions": [
                    "create"
                ],
                "before": null,
                "after": {
                    "description": "Service account to consume from 'order' topic of 'inventory' Kafka cluster",
                    "display_name": "app-consumer"
                },
                "after_unknown": {
                    "api_version": true,
                    "id": true,
                    "kind": true
                },
                "before_sensitive": false,
                "after_sensitive": {}
            }
        },
        {
            "address": "confluent_service_account.app-manager",
            "mode": "managed",
            "type": "confluent_service_account",
            "name": "app-manager",
            "provider_name": "registry.terraform.io/confluentinc/confluent",
            "change": {
                "actions": [
                    "create"
                ],
                "before": null,
                "after": {
                    "description": "Service account to manage 'inventory' Kafka cluster",
                    "display_name": "app-manager"
                },
                "after_unknown": {
                    "api_version": true,
                    "id": true,
                    "kind": true
                },
                "before_sensitive": false,
                "after_sensitive": {}
            }
        },
        {
            "address": "confluent_service_account.app-producer",
            "mode": "managed",
            "type": "confluent_service_account",
            "name": "app-producer",
            "provider_name": "registry.terraform.io/confluentinc/confluent",
            "change": {
                "actions": [
                    "create"
                ],
                "before": null,
                "after": {
                    "description": "Service account to produce to 'order' topic of 'inventory' Kafka cluster",
                    "display_name": "app-producer"
                },
                "after_unknown": {
                    "api_version": true,
                    "id": true,
                    "kind": true
                },
                "before_sensitive": false,
                "after_sensitive": {}
            }
        },
        {
            "address": "confluent_service_account.app_manager",
            "mode": "managed",
            "type": "confluent_service_account",
            "name": "app_manager",
            "provider_name": "registry.terraform.io/confluentinc/confluent",
            "change": {
                "actions": [
                    "create"
                ],
                "before": null,
                "after": {
                    "description": "SR service accout - app_manager"
                },
                "after_unknown": {
                    "api_version": true,
                    "display_name": true,
                    "id": true,
                    "kind": true
                },
                "before_sensitive": false,
                "after_sensitive": {}
            }
        },
        {
            "address": "confluent_service_account.clients",
            "mode": "managed",
            "type": "confluent_service_account",
            "name": "clients",
            "provider_name": "registry.terraform.io/confluentinc/confluent",
            "change": {
                "actions": [
                    "create"
                ],
                "before": null,
                "after": {
                    "description": "SR service accout - app_manager"
                },
                "after_unknown": {
                    "api_version": true,
                    "display_name": true,
                    "id": true,
                    "kind": true
                },
                "before_sensitive": false,
                "after_sensitive": {}
            }
        },
        {
            "address": "confluent_service_account.connectors",
            "mode": "managed",
            "type": "confluent_service_account",
            "name": "connectors",
            "provider_name": "registry.terraform.io/confluentinc/confluent",
            "change": {
                "actions": [
                    "create"
                ],
                "before": null,
                "after": {
                    "description": "Service account to manage connector"
                },
                "after_unknown": {
                    "api_version": true,
                    "display_name": true,
                    "id": true,
                    "kind": true
                },
                "before_sensitive": false,
                "after_sensitive": {}
            }
        },
        {
            "address": "confluent_service_account.sr",
            "mode": "managed",
            "type": "confluent_service_account",
            "name": "sr",
            "provider_name": "registry.terraform.io/confluentinc/confluent",
            "change": {
                "actions": [
                    "create"
                ],
                "before": null,
                "after": {
                    "description": "SR service accout - app_manager"
                },
                "after_unknown": {
                    "api_version": true,
                    "display_name": true,
                    "id": true,
                    "kind": true
                },
                "before_sensitive": false,
                "after_sensitive": {}
            }
        },
        {
            "address": "confluent_tag.pii",
            "mode": "managed",
            "type": "confluent_tag",
            "name": "pii",
            "provider_name": "registry.terraform.io/confluentinc/confluent",
            "change": {
                "actions": [
                    "create"
                ],
                "before": null,
                "after": {
                    "credentials": [
                        {}
                    ],
                    "description": "PII tag",
                    "name": "PII",
                    "schema_registry_cluster": [
                        {}
                    ]
                },
                "after_unknown": {
                    "credentials": [
                        {
                            "key": true,
                            "secret": true
                        }
                    ],
                    "entity_types": true,
                    "id": true,
                    "rest_endpoint": true,
                    "schema_registry_cluster": [
                        {
                            "id": true
                        }
                    ],
                    "version": true
                },
                "before_sensitive": false,
                "after_sensitive": {
                    "credentials": [
                        {
                            "key": true,
                            "secret": true
                        }
                    ],
                    "entity_types": [],
                    "schema_registry_cluster": [
                        {}
                    ]
                }
            }
        },
        {
            "address": "confluent_tag.public",
            "mode": "managed",
            "type": "confluent_tag",
            "name": "public",
            "provider_name": "registry.terraform.io/confluentinc/confluent",
            "change": {
                "actions": [
                    "create"
                ],
                "before": null,
                "after": {
                    "credentials": [
                        {}
                    ],
                    "description": "Public tag",
                    "name": "Public",
                    "schema_registry_cluster": [
                        {}
                    ]
                },
                "after_unknown": {
                    "credentials": [
                        {
                            "key": true,
                            "secret": true
                        }
                    ],
                    "entity_types": true,
                    "id": true,
                    "rest_endpoint": true,
                    "schema_registry_cluster": [
                        {
                            "id": true
                        }
                    ],
                    "version": true
                },
                "before_sensitive": false,
                "after_sensitive": {
                    "credentials": [
                        {
                            "key": true,
                            "secret": true
                        }
                    ],
                    "entity_types": [],
                    "schema_registry_cluster": [
                        {}
                    ]
                }
            }
        },
        {
            "address": "confluent_tag_binding.customers",
            "mode": "managed",
            "type": "confluent_tag_binding",
            "name": "customers",
            "provider_name": "registry.terraform.io/confluentinc/confluent",
            "change": {
                "actions": [
                    "create"
                ],
                "before": null,
                "after": {
                    "credentials": [
                        {}
                    ],
                    "entity_type": "kafka_topic",
                    "schema_registry_cluster": [
                        {}
                    ],
                    "tag_name": "PII"
                },
                "after_unknown": {
                    "credentials": [
                        {
                            "key": true,
                            "secret": true
                        }
                    ],
                    "entity_name": true,
                    "id": true,
                    "rest_endpoint": true,
                    "schema_registry_cluster": [
                        {
                            "id": true
                        }
                    ]
                },
                "before_sensitive": false,
                "after_sensitive": {
                    "credentials": [
                        {
                            "key": true,
                            "secret": true
                        }
                    ],
                    "schema_registry_cluster": [
                        {}
                    ]
                }
            }
        },
        {
            "address": "confluent_tag_binding.orders",
            "mode": "managed",
            "type": "confluent_tag_binding",
            "name": "orders",
            "provider_name": "registry.terraform.io/confluentinc/confluent",
            "change": {
                "actions": [
                    "create"
                ],
                "before": null,
                "after": {
                    "credentials": [
                        {}
                    ],
                    "entity_type": "kafka_topic",
                    "schema_registry_cluster": [
                        {}
                    ],
                    "tag_name": "Public"
                },
                "after_unknown": {
                    "credentials": [
                        {
                            "key": true,
                            "secret": true
                        }
                    ],
                    "entity_name": true,
                    "id": true,
                    "rest_endpoint": true,
                    "schema_registry_cluster": [
                        {
                            "id": true
                        }
                    ]
                },
                "before_sensitive": false,
                "after_sensitive": {
                    "credentials": [
                        {
                            "key": true,
                            "secret": true
                        }
                    ],
                    "schema_registry_cluster": [
                        {}
                    ]
                }
            }
        },
        {
            "address": "confluent_tag_binding.products",
            "mode": "managed",
            "type": "confluent_tag_binding",
            "name": "products",
            "provider_name": "registry.terraform.io/confluentinc/confluent",
            "change": {
                "actions": [
                    "create"
                ],
                "before": null,
                "after": {
                    "credentials": [
                        {}
                    ],
                    "entity_type": "kafka_topic",
                    "schema_registry_cluster": [
                        {}
                    ],
                    "tag_name": "Public"
                },
                "after_unknown": {
                    "credentials": [
                        {
                            "key": true,
                            "secret": true
                        }
                    ],
                    "entity_name": true,
                    "id": true,
                    "rest_endpoint": true,
                    "schema_registry_cluster": [
                        {
                            "id": true
                        }
                    ]
                },
                "before_sensitive": false,
                "after_sensitive": {
                    "credentials": [
                        {
                            "key": true,
                            "secret": true
                        }
                    ],
                    "schema_registry_cluster": [
                        {}
                    ]
                }
            }
        },
        {
            "address": "random_id.id",
            "mode": "managed",
            "type": "random_id",
            "name": "id",
            "provider_name": "registry.terraform.io/hashicorp/random",
            "change": {
                "actions": [
                    "create"
                ],
                "before": null,
                "after": {
                    "byte_length": 4,
                    "keepers": null,
                    "prefix": null
                },
                "after_unknown": {
                    "b64_std": true,
                    "b64_url": true,
                    "dec": true,
                    "hex": true,
                    "id": true
                },
                "before_sensitive": false,
                "after_sensitive": {}
            }
        }
    ],
    "configuration": {
        "provider_config": {
            "confluent": {
                "name": "confluent",
                "full_name": "registry.terraform.io/confluentinc/confluent",
                "version_constraint": "2.8.0",
                "expressions": {
                    "cloud_api_key": {
                        "references": [
                            "var.confluent_cloud_api_key"
                        ]
                    },
                    "cloud_api_secret": {
                        "references": [
                            "var.confluent_cloud_api_secret"
                        ]
                    }
                }
            },
            "random": {
                "name": "random",
                "full_name": "registry.terraform.io/hashicorp/random"
            }
        },
        "root_module": {
            "resources": [
                {
                    "address": "confluent_api_key.app-consumer-kafka-api-key",
                    "mode": "managed",
                    "type": "confluent_api_key",
                    "name": "app-consumer-kafka-api-key",
                    "provider_config_key": "confluent",
                    "expressions": {
                        "description": {
                            "constant_value": "Kafka API Key that is owned by 'app-consumer' service account"
                        },
                        "display_name": {
                            "constant_value": "app-consumer-kafka-api-key"
                        },
                        "managed_resource": [
                            {
                                "api_version": {
                                    "references": [
                                        "confluent_kafka_cluster.basic.api_version",
                                        "confluent_kafka_cluster.basic"
                                    ]
                                },
                                "environment": [
                                    {
                                        "id": {
                                            "references": [
                                                "confluent_environment.staging.id",
                                                "confluent_environment.staging"
                                            ]
                                        }
                                    }
                                ],
                                "id": {
                                    "references": [
                                        "confluent_kafka_cluster.basic.id",
                                        "confluent_kafka_cluster.basic"
                                    ]
                                },
                                "kind": {
                                    "references": [
                                        "confluent_kafka_cluster.basic.kind",
                                        "confluent_kafka_cluster.basic"
                                    ]
                                }
                            }
                        ],
                        "owner": [
                            {
                                "api_version": {
                                    "references": [
                                        "confluent_service_account.app-consumer.api_version",
                                        "confluent_service_account.app-consumer"
                                    ]
                                },
                                "id": {
                                    "references": [
                                        "confluent_service_account.app-consumer.id",
                                        "confluent_service_account.app-consumer"
                                    ]
                                },
                                "kind": {
                                    "references": [
                                        "confluent_service_account.app-consumer.kind",
                                        "confluent_service_account.app-consumer"
                                    ]
                                }
                            }
                        ]
                    },
                    "schema_version": 0
                },
                {
                    "address": "confluent_api_key.app-manager-kafka-api-key",
                    "mode": "managed",
                    "type": "confluent_api_key",
                    "name": "app-manager-kafka-api-key",
                    "provider_config_key": "confluent",
                    "expressions": {
                        "description": {
                            "constant_value": "Kafka API Key that is owned by 'app-manager' service account"
                        },
                        "display_name": {
                            "constant_value": "app-manager-kafka-api-key"
                        },
                        "managed_resource": [
                            {
                                "api_version": {
                                    "references": [
                                        "confluent_kafka_cluster.basic.api_version",
                                        "confluent_kafka_cluster.basic"
                                    ]
                                },
                                "environment": [
                                    {
                                        "id": {
                                            "references": [
                                                "confluent_environment.staging.id",
                                                "confluent_environment.staging"
                                            ]
                                        }
                                    }
                                ],
                                "id": {
                                    "references": [
                                        "confluent_kafka_cluster.basic.id",
                                        "confluent_kafka_cluster.basic"
                                    ]
                                },
                                "kind": {
                                    "references": [
                                        "confluent_kafka_cluster.basic.kind",
                                        "confluent_kafka_cluster.basic"
                                    ]
                                }
                            }
                        ],
                        "owner": [
                            {
                                "api_version": {
                                    "references": [
                                        "confluent_service_account.app-manager.api_version",
                                        "confluent_service_account.app-manager"
                                    ]
                                },
                                "id": {
                                    "references": [
                                        "confluent_service_account.app-manager.id",
                                        "confluent_service_account.app-manager"
                                    ]
                                },
                                "kind": {
                                    "references": [
                                        "confluent_service_account.app-manager.kind",
                                        "confluent_service_account.app-manager"
                                    ]
                                }
                            }
                        ]
                    },
                    "schema_version": 0,
                    "depends_on": [
                        "confluent_role_binding.app-manager-kafka-cluster-admin"
                    ]
                },
                {
                    "address": "confluent_api_key.app-producer-kafka-api-key",
                    "mode": "managed",
                    "type": "confluent_api_key",
                    "name": "app-producer-kafka-api-key",
                    "provider_config_key": "confluent",
                    "expressions": {
                        "description": {
                            "constant_value": "Kafka API Key that is owned by 'app-producer' service account"
                        },
                        "display_name": {
                            "constant_value": "app-producer-kafka-api-key"
                        },
                        "managed_resource": [
                            {
                                "api_version": {
                                    "references": [
                                        "confluent_kafka_cluster.basic.api_version",
                                        "confluent_kafka_cluster.basic"
                                    ]
                                },
                                "environment": [
                                    {
                                        "id": {
                                            "references": [
                                                "confluent_environment.staging.id",
                                                "confluent_environment.staging"
                                            ]
                                        }
                                    }
                                ],
                                "id": {
                                    "references": [
                                        "confluent_kafka_cluster.basic.id",
                                        "confluent_kafka_cluster.basic"
                                    ]
                                },
                                "kind": {
                                    "references": [
                                        "confluent_kafka_cluster.basic.kind",
                                        "confluent_kafka_cluster.basic"
                                    ]
                                }
                            }
                        ],
                        "owner": [
                            {
                                "api_version": {
                                    "references": [
                                        "confluent_service_account.app-producer.api_version",
                                        "confluent_service_account.app-producer"
                                    ]
                                },
                                "id": {
                                    "references": [
                                        "confluent_service_account.app-producer.id",
                                        "confluent_service_account.app-producer"
                                    ]
                                },
                                "kind": {
                                    "references": [
                                        "confluent_service_account.app-producer.kind",
                                        "confluent_service_account.app-producer"
                                    ]
                                }
                            }
                        ]
                    },
                    "schema_version": 0
                },
                {
                    "address": "confluent_api_key.app_manager_kafka_cluster_key",
                    "mode": "managed",
                    "type": "confluent_api_key",
                    "name": "app_manager_kafka_cluster_key",
                    "provider_config_key": "confluent",
                    "expressions": {
                        "description": {
                            "constant_value": "app conector"
                        },
                        "display_name": {
                            "references": [
                                "random_id.id.hex",
                                "random_id.id"
                            ]
                        },
                        "managed_resource": [
                            {
                                "api_version": {
                                    "references": [
                                        "confluent_kafka_cluster.basic.api_version",
                                        "confluent_kafka_cluster.basic"
                                    ]
                                },
                                "environment": [
                                    {
                                        "id": {
                                            "references": [
                                                "confluent_environment.staging.id",
                                                "confluent_environment.staging"
                                            ]
                                        }
                                    }
                                ],
                                "id": {
                                    "references": [
                                        "confluent_kafka_cluster.basic.id",
                                        "confluent_kafka_cluster.basic"
                                    ]
                                },
                                "kind": {
                                    "references": [
                                        "confluent_kafka_cluster.basic.kind",
                                        "confluent_kafka_cluster.basic"
                                    ]
                                }
                            }
                        ],
                        "owner": [
                            {
                                "api_version": {
                                    "references": [
                                        "confluent_service_account.app_manager.api_version",
                                        "confluent_service_account.app_manager"
                                    ]
                                },
                                "id": {
                                    "references": [
                                        "confluent_service_account.app_manager.id",
                                        "confluent_service_account.app_manager"
                                    ]
                                },
                                "kind": {
                                    "references": [
                                        "confluent_service_account.app_manager.kind",
                                        "confluent_service_account.app_manager"
                                    ]
                                }
                            }
                        ]
                    },
                    "schema_version": 0,
                    "depends_on": [
                        "confluent_role_binding.app_manager_environment_admin"
                    ]
                },
                {
                    "address": "confluent_api_key.connector_key",
                    "mode": "managed",
                    "type": "confluent_api_key",
                    "name": "connector_key",
                    "provider_config_key": "confluent",
                    "expressions": {
                        "description": {
                            "constant_value": "api key for the connector"
                        },
                        "display_name": {
                            "references": [
                                "random_id.id.hex",
                                "random_id.id"
                            ]
                        },
                        "managed_resource": [
                            {
                                "api_version": {
                                    "references": [
                                        "confluent_kafka_cluster.basic.api_version",
                                        "confluent_kafka_cluster.basic"
                                    ]
                                },
                                "environment": [
                                    {
                                        "id": {
                                            "references": [
                                                "confluent_environment.staging.id",
                                                "confluent_environment.staging"
                                            ]
                                        }
                                    }
                                ],
                                "id": {
                                    "references": [
                                        "confluent_kafka_cluster.basic.id",
                                        "confluent_kafka_cluster.basic"
                                    ]
                                },
                                "kind": {
                                    "references": [
                                        "confluent_kafka_cluster.basic.kind",
                                        "confluent_kafka_cluster.basic"
                                    ]
                                }
                            }
                        ],
                        "owner": [
                            {
                                "api_version": {
                                    "references": [
                                        "confluent_service_account.connectors.api_version",
                                        "confluent_service_account.connectors"
                                    ]
                                },
                                "id": {
                                    "references": [
                                        "confluent_service_account.connectors.id",
                                        "confluent_service_account.connectors"
                                    ]
                                },
                                "kind": {
                                    "references": [
                                        "confluent_service_account.connectors.kind",
                                        "confluent_service_account.connectors"
                                    ]
                                }
                            }
                        ]
                    },
                    "schema_version": 0,
                    "depends_on": [
                        "confluent_kafka_acl.connectors_source_create_topic_demo",
                        "confluent_kafka_acl.connectors_source_write_topic_demo",
                        "confluent_kafka_acl.connectors_source_read_topic_demo",
                        "confluent_kafka_acl.connectors_source_create_topic_dlq",
                        "confluent_kafka_acl.connectors_source_write_topic_dlq",
                        "confluent_kafka_acl.connectors_source_read_topic_dlq",
                        "confluent_kafka_acl.connectors_source_consumer_group"
                    ]
                },
                {
                    "address": "confluent_api_key.sr_cluster_key",
                    "mode": "managed",
                    "type": "confluent_api_key",
                    "name": "sr_cluster_key",
                    "provider_config_key": "confluent",
                    "expressions": {
                        "description": {
                            "constant_value": "api key for schema registry"
                        },
                        "display_name": {
                            "references": [
                                "random_id.id.hex",
                                "random_id.id"
                            ]
                        },
                        "managed_resource": [
                            {
                                "api_version": {
                                    "references": [
                                        "data.confluent_schema_registry_cluster.essentials.api_version",
                                        "data.confluent_schema_registry_cluster.essentials"
                                    ]
                                },
                                "environment": [
                                    {
                                        "id": {
                                            "references": [
                                                "confluent_environment.staging.id",
                                                "confluent_environment.staging"
                                            ]
                                        }
                                    }
                                ],
                                "id": {
                                    "references": [
                                        "data.confluent_schema_registry_cluster.essentials.id",
                                        "data.confluent_schema_registry_cluster.essentials"
                                    ]
                                },
                                "kind": {
                                    "references": [
                                        "data.confluent_schema_registry_cluster.essentials.kind",
                                        "data.confluent_schema_registry_cluster.essentials"
                                    ]
                                }
                            }
                        ],
                        "owner": [
                            {
                                "api_version": {
                                    "references": [
                                        "confluent_service_account.sr.api_version",
                                        "confluent_service_account.sr"
                                    ]
                                },
                                "id": {
                                    "references": [
                                        "confluent_service_account.sr.id",
                                        "confluent_service_account.sr"
                                    ]
                                },
                                "kind": {
                                    "references": [
                                        "confluent_service_account.sr.kind",
                                        "confluent_service_account.sr"
                                    ]
                                }
                            }
                        ]
                    },
                    "schema_version": 0,
                    "depends_on": [
                        "confluent_role_binding.sr_environment_admin"
                    ]
                },
                {
                    "address": "confluent_connector.datagen_customers",
                    "mode": "managed",
                    "type": "confluent_connector",
                    "name": "datagen_customers",
                    "provider_config_key": "confluent",
                    "expressions": {
                        "config_nonsensitive": {
                            "references": [
                                "confluent_service_account.connectors.id",
                                "confluent_service_account.connectors",
                                "confluent_kafka_topic.customers.topic_name",
                                "confluent_kafka_topic.customers"
                            ]
                        },
                        "config_sensitive": {
                            "constant_value": {}
                        },
                        "environment": [
                            {
                                "id": {
                                    "references": [
                                        "confluent_environment.staging.id",
                                        "confluent_environment.staging"
                                    ]
                                }
                            }
                        ],
                        "kafka_cluster": [
                            {
                                "id": {
                                    "references": [
                                        "confluent_kafka_cluster.basic.id",
                                        "confluent_kafka_cluster.basic"
                                    ]
                                }
                            }
                        ]
                    },
                    "schema_version": 0,
                    "depends_on": [
                        "confluent_kafka_acl.connectors_source_create_topic_demo",
                        "confluent_kafka_acl.connectors_source_write_topic_demo",
                        "confluent_kafka_acl.connectors_source_read_topic_demo",
                        "confluent_kafka_acl.connectors_source_create_topic_dlq",
                        "confluent_kafka_acl.connectors_source_write_topic_dlq",
                        "confluent_kafka_acl.connectors_source_read_topic_dlq",
                        "confluent_kafka_acl.connectors_source_consumer_group"
                    ]
                },
                {
                    "address": "confluent_connector.datagen_orders",
                    "mode": "managed",
                    "type": "confluent_connector",
                    "name": "datagen_orders",
                    "provider_config_key": "confluent",
                    "expressions": {
                        "config_nonsensitive": {
                            "references": [
                                "confluent_service_account.connectors.id",
                                "confluent_service_account.connectors",
                                "confluent_kafka_topic.shoe_orders.topic_name",
                                "confluent_kafka_topic.shoe_orders"
                            ]
                        },
                        "config_sensitive": {
                            "constant_value": {}
                        },
                        "environment": [
                            {
                                "id": {
                                    "references": [
                                        "confluent_environment.staging.id",
                                        "confluent_environment.staging"
                                    ]
                                }
                            }
                        ],
                        "kafka_cluster": [
                            {
                                "id": {
                                    "references": [
                                        "confluent_kafka_cluster.basic.id",
                                        "confluent_kafka_cluster.basic"
                                    ]
                                }
                            }
                        ]
                    },
                    "schema_version": 0,
                    "depends_on": [
                        "confluent_kafka_acl.connectors_source_create_topic_demo",
                        "confluent_kafka_acl.connectors_source_write_topic_demo",
                        "confluent_kafka_acl.connectors_source_read_topic_demo",
                        "confluent_kafka_acl.connectors_source_create_topic_dlq",
                        "confluent_kafka_acl.connectors_source_write_topic_dlq",
                        "confluent_kafka_acl.connectors_source_read_topic_dlq",
                        "confluent_kafka_acl.connectors_source_consumer_group"
                    ]
                },
                {
                    "address": "confluent_connector.datagen_products",
                    "mode": "managed",
                    "type": "confluent_connector",
                    "name": "datagen_products",
                    "provider_config_key": "confluent",
                    "expressions": {
                        "config_nonsensitive": {
                            "references": [
                                "confluent_service_account.connectors.id",
                                "confluent_service_account.connectors",
                                "confluent_kafka_topic.products.topic_name",
                                "confluent_kafka_topic.products"
                            ]
                        },
                        "config_sensitive": {
                            "constant_value": {}
                        },
                        "environment": [
                            {
                                "id": {
                                    "references": [
                                        "confluent_environment.staging.id",
                                        "confluent_environment.staging"
                                    ]
                                }
                            }
                        ],
                        "kafka_cluster": [
                            {
                                "id": {
                                    "references": [
                                        "confluent_kafka_cluster.basic.id",
                                        "confluent_kafka_cluster.basic"
                                    ]
                                }
                            }
                        ]
                    },
                    "schema_version": 0,
                    "depends_on": [
                        "confluent_kafka_acl.connectors_source_create_topic_demo",
                        "confluent_kafka_acl.connectors_source_write_topic_demo",
                        "confluent_kafka_acl.connectors_source_read_topic_demo",
                        "confluent_kafka_acl.connectors_source_create_topic_dlq",
                        "confluent_kafka_acl.connectors_source_write_topic_dlq",
                        "confluent_kafka_acl.connectors_source_read_topic_dlq",
                        "confluent_kafka_acl.connectors_source_consumer_group"
                    ]
                },
                {
                    "address": "confluent_environment.staging",
                    "mode": "managed",
                    "type": "confluent_environment",
                    "name": "staging",
                    "provider_config_key": "confluent",
                    "expressions": {
                        "display_name": {
                            "constant_value": "jsoto-env"
                        },
                        "stream_governance": [
                            {
                                "package": {
                                    "constant_value": "ESSENTIALS"
                                }
                            }
                        ]
                    },
                    "schema_version": 0
                },
                {
                    "address": "confluent_kafka_acl.app-consumer-read-on-group",
                    "mode": "managed",
                    "type": "confluent_kafka_acl",
                    "name": "app-consumer-read-on-group",
                    "provider_config_key": "confluent",
                    "expressions": {
                        "credentials": [
                            {
                                "key": {
                                    "references": [
                                        "confluent_api_key.app-manager-kafka-api-key.id",
                                        "confluent_api_key.app-manager-kafka-api-key"
                                    ]
                                },
                                "secret": {
                                    "references": [
                                        "confluent_api_key.app-manager-kafka-api-key.secret",
                                        "confluent_api_key.app-manager-kafka-api-key"
                                    ]
                                }
                            }
                        ],
                        "host": {
                            "constant_value": "*"
                        },
                        "kafka_cluster": [
                            {
                                "id": {
                                    "references": [
                                        "confluent_kafka_cluster.basic.id",
                                        "confluent_kafka_cluster.basic"
                                    ]
                                }
                            }
                        ],
                        "operation": {
                            "constant_value": "READ"
                        },
                        "pattern_type": {
                            "constant_value": "PREFIXED"
                        },
                        "permission": {
                            "constant_value": "ALLOW"
                        },
                        "principal": {
                            "references": [
                                "confluent_service_account.app-consumer.id",
                                "confluent_service_account.app-consumer"
                            ]
                        },
                        "resource_name": {
                            "constant_value": "confluent_cli_consumer_"
                        },
                        "resource_type": {
                            "constant_value": "GROUP"
                        },
                        "rest_endpoint": {
                            "references": [
                                "confluent_kafka_cluster.basic.rest_endpoint",
                                "confluent_kafka_cluster.basic"
                            ]
                        }
                    },
                    "schema_version": 2
                },
                {
                    "address": "confluent_kafka_acl.app-consumer-read-on-topic",
                    "mode": "managed",
                    "type": "confluent_kafka_acl",
                    "name": "app-consumer-read-on-topic",
                    "provider_config_key": "confluent",
                    "expressions": {
                        "credentials": [
                            {
                                "key": {
                                    "references": [
                                        "confluent_api_key.app-manager-kafka-api-key.id",
                                        "confluent_api_key.app-manager-kafka-api-key"
                                    ]
                                },
                                "secret": {
                                    "references": [
                                        "confluent_api_key.app-manager-kafka-api-key.secret",
                                        "confluent_api_key.app-manager-kafka-api-key"
                                    ]
                                }
                            }
                        ],
                        "host": {
                            "constant_value": "*"
                        },
                        "kafka_cluster": [
                            {
                                "id": {
                                    "references": [
                                        "confluent_kafka_cluster.basic.id",
                                        "confluent_kafka_cluster.basic"
                                    ]
                                }
                            }
                        ],
                        "operation": {
                            "constant_value": "READ"
                        },
                        "pattern_type": {
                            "constant_value": "LITERAL"
                        },
                        "permission": {
                            "constant_value": "ALLOW"
                        },
                        "principal": {
                            "references": [
                                "confluent_service_account.app-consumer.id",
                                "confluent_service_account.app-consumer"
                            ]
                        },
                        "resource_name": {
                            "references": [
                                "confluent_kafka_topic.order.topic_name",
                                "confluent_kafka_topic.order"
                            ]
                        },
                        "resource_type": {
                            "constant_value": "TOPIC"
                        },
                        "rest_endpoint": {
                            "references": [
                                "confluent_kafka_cluster.basic.rest_endpoint",
                                "confluent_kafka_cluster.basic"
                            ]
                        }
                    },
                    "schema_version": 2
                },
                {
                    "address": "confluent_kafka_acl.app-producer-write-on-topic",
                    "mode": "managed",
                    "type": "confluent_kafka_acl",
                    "name": "app-producer-write-on-topic",
                    "provider_config_key": "confluent",
                    "expressions": {
                        "credentials": [
                            {
                                "key": {
                                    "references": [
                                        "confluent_api_key.app-manager-kafka-api-key.id",
                                        "confluent_api_key.app-manager-kafka-api-key"
                                    ]
                                },
                                "secret": {
                                    "references": [
                                        "confluent_api_key.app-manager-kafka-api-key.secret",
                                        "confluent_api_key.app-manager-kafka-api-key"
                                    ]
                                }
                            }
                        ],
                        "host": {
                            "constant_value": "*"
                        },
                        "kafka_cluster": [
                            {
                                "id": {
                                    "references": [
                                        "confluent_kafka_cluster.basic.id",
                                        "confluent_kafka_cluster.basic"
                                    ]
                                }
                            }
                        ],
                        "operation": {
                            "constant_value": "WRITE"
                        },
                        "pattern_type": {
                            "constant_value": "LITERAL"
                        },
                        "permission": {
                            "constant_value": "ALLOW"
                        },
                        "principal": {
                            "references": [
                                "confluent_service_account.app-producer.id",
                                "confluent_service_account.app-producer"
                            ]
                        },
                        "resource_name": {
                            "references": [
                                "confluent_kafka_topic.order.topic_name",
                                "confluent_kafka_topic.order"
                            ]
                        },
                        "resource_type": {
                            "constant_value": "TOPIC"
                        },
                        "rest_endpoint": {
                            "references": [
                                "confluent_kafka_cluster.basic.rest_endpoint",
                                "confluent_kafka_cluster.basic"
                            ]
                        }
                    },
                    "schema_version": 2
                },
                {
                    "address": "confluent_kafka_acl.connectors_source_consumer_group",
                    "mode": "managed",
                    "type": "confluent_kafka_acl",
                    "name": "connectors_source_consumer_group",
                    "provider_config_key": "confluent",
                    "expressions": {
                        "credentials": [
                            {
                                "key": {
                                    "references": [
                                        "confluent_api_key.app_manager_kafka_cluster_key.id",
                                        "confluent_api_key.app_manager_kafka_cluster_key"
                                    ]
                                },
                                "secret": {
                                    "references": [
                                        "confluent_api_key.app_manager_kafka_cluster_key.secret",
                                        "confluent_api_key.app_manager_kafka_cluster_key"
                                    ]
                                }
                            }
                        ],
                        "host": {
                            "constant_value": "*"
                        },
                        "kafka_cluster": [
                            {
                                "id": {
                                    "references": [
                                        "confluent_kafka_cluster.basic.id",
                                        "confluent_kafka_cluster.basic"
                                    ]
                                }
                            }
                        ],
                        "operation": {
                            "constant_value": "READ"
                        },
                        "pattern_type": {
                            "constant_value": "PREFIXED"
                        },
                        "permission": {
                            "constant_value": "ALLOW"
                        },
                        "principal": {
                            "references": [
                                "confluent_service_account.connectors.id",
                                "confluent_service_account.connectors"
                            ]
                        },
                        "resource_name": {
                            "constant_value": "connect"
                        },
                        "resource_type": {
                            "constant_value": "GROUP"
                        },
                        "rest_endpoint": {
                            "references": [
                                "confluent_kafka_cluster.basic.rest_endpoint",
                                "confluent_kafka_cluster.basic"
                            ]
                        }
                    },
                    "schema_version": 2
                },
                {
                    "address": "confluent_kafka_acl.connectors_source_create_topic_demo",
                    "mode": "managed",
                    "type": "confluent_kafka_acl",
                    "name": "connectors_source_create_topic_demo",
                    "provider_config_key": "confluent",
                    "expressions": {
                        "credentials": [
                            {
                                "key": {
                                    "references": [
                                        "confluent_api_key.app_manager_kafka_cluster_key.id",
                                        "confluent_api_key.app_manager_kafka_cluster_key"
                                    ]
                                },
                                "secret": {
                                    "references": [
                                        "confluent_api_key.app_manager_kafka_cluster_key.secret",
                                        "confluent_api_key.app_manager_kafka_cluster_key"
                                    ]
                                }
                            }
                        ],
                        "host": {
                            "constant_value": "*"
                        },
                        "kafka_cluster": [
                            {
                                "id": {
                                    "references": [
                                        "confluent_kafka_cluster.basic.id",
                                        "confluent_kafka_cluster.basic"
                                    ]
                                }
                            }
                        ],
                        "operation": {
                            "constant_value": "CREATE"
                        },
                        "pattern_type": {
                            "constant_value": "PREFIXED"
                        },
                        "permission": {
                            "constant_value": "ALLOW"
                        },
                        "principal": {
                            "references": [
                                "confluent_service_account.connectors.id",
                                "confluent_service_account.connectors"
                            ]
                        },
                        "resource_name": {
                            "constant_value": "shoe_"
                        },
                        "resource_type": {
                            "constant_value": "TOPIC"
                        },
                        "rest_endpoint": {
                            "references": [
                                "confluent_kafka_cluster.basic.rest_endpoint",
                                "confluent_kafka_cluster.basic"
                            ]
                        }
                    },
                    "schema_version": 2
                },
                {
                    "address": "confluent_kafka_acl.connectors_source_create_topic_dlq",
                    "mode": "managed",
                    "type": "confluent_kafka_acl",
                    "name": "connectors_source_create_topic_dlq",
                    "provider_config_key": "confluent",
                    "expressions": {
                        "credentials": [
                            {
                                "key": {
                                    "references": [
                                        "confluent_api_key.app_manager_kafka_cluster_key.id",
                                        "confluent_api_key.app_manager_kafka_cluster_key"
                                    ]
                                },
                                "secret": {
                                    "references": [
                                        "confluent_api_key.app_manager_kafka_cluster_key.secret",
                                        "confluent_api_key.app_manager_kafka_cluster_key"
                                    ]
                                }
                            }
                        ],
                        "host": {
                            "constant_value": "*"
                        },
                        "kafka_cluster": [
                            {
                                "id": {
                                    "references": [
                                        "confluent_kafka_cluster.basic.id",
                                        "confluent_kafka_cluster.basic"
                                    ]
                                }
                            }
                        ],
                        "operation": {
                            "constant_value": "CREATE"
                        },
                        "pattern_type": {
                            "constant_value": "PREFIXED"
                        },
                        "permission": {
                            "constant_value": "ALLOW"
                        },
                        "principal": {
                            "references": [
                                "confluent_service_account.connectors.id",
                                "confluent_service_account.connectors"
                            ]
                        },
                        "resource_name": {
                            "constant_value": "dlq-"
                        },
                        "resource_type": {
                            "constant_value": "TOPIC"
                        },
                        "rest_endpoint": {
                            "references": [
                                "confluent_kafka_cluster.basic.rest_endpoint",
                                "confluent_kafka_cluster.basic"
                            ]
                        }
                    },
                    "schema_version": 2
                },
                {
                    "address": "confluent_kafka_acl.connectors_source_describe_cluster",
                    "mode": "managed",
                    "type": "confluent_kafka_acl",
                    "name": "connectors_source_describe_cluster",
                    "provider_config_key": "confluent",
                    "expressions": {
                        "credentials": [
                            {
                                "key": {
                                    "references": [
                                        "confluent_api_key.app_manager_kafka_cluster_key.id",
                                        "confluent_api_key.app_manager_kafka_cluster_key"
                                    ]
                                },
                                "secret": {
                                    "references": [
                                        "confluent_api_key.app_manager_kafka_cluster_key.secret",
                                        "confluent_api_key.app_manager_kafka_cluster_key"
                                    ]
                                }
                            }
                        ],
                        "host": {
                            "constant_value": "*"
                        },
                        "kafka_cluster": [
                            {
                                "id": {
                                    "references": [
                                        "confluent_kafka_cluster.basic.id",
                                        "confluent_kafka_cluster.basic"
                                    ]
                                }
                            }
                        ],
                        "operation": {
                            "constant_value": "DESCRIBE"
                        },
                        "pattern_type": {
                            "constant_value": "LITERAL"
                        },
                        "permission": {
                            "constant_value": "ALLOW"
                        },
                        "principal": {
                            "references": [
                                "confluent_service_account.connectors.id",
                                "confluent_service_account.connectors"
                            ]
                        },
                        "resource_name": {
                            "constant_value": "kafka-cluster"
                        },
                        "resource_type": {
                            "constant_value": "CLUSTER"
                        },
                        "rest_endpoint": {
                            "references": [
                                "confluent_kafka_cluster.basic.rest_endpoint",
                                "confluent_kafka_cluster.basic"
                            ]
                        }
                    },
                    "schema_version": 2
                },
                {
                    "address": "confluent_kafka_acl.connectors_source_read_topic_demo",
                    "mode": "managed",
                    "type": "confluent_kafka_acl",
                    "name": "connectors_source_read_topic_demo",
                    "provider_config_key": "confluent",
                    "expressions": {
                        "credentials": [
                            {
                                "key": {
                                    "references": [
                                        "confluent_api_key.app_manager_kafka_cluster_key.id",
                                        "confluent_api_key.app_manager_kafka_cluster_key"
                                    ]
                                },
                                "secret": {
                                    "references": [
                                        "confluent_api_key.app_manager_kafka_cluster_key.secret",
                                        "confluent_api_key.app_manager_kafka_cluster_key"
                                    ]
                                }
                            }
                        ],
                        "host": {
                            "constant_value": "*"
                        },
                        "kafka_cluster": [
                            {
                                "id": {
                                    "references": [
                                        "confluent_kafka_cluster.basic.id",
                                        "confluent_kafka_cluster.basic"
                                    ]
                                }
                            }
                        ],
                        "operation": {
                            "constant_value": "READ"
                        },
                        "pattern_type": {
                            "constant_value": "PREFIXED"
                        },
                        "permission": {
                            "constant_value": "ALLOW"
                        },
                        "principal": {
                            "references": [
                                "confluent_service_account.connectors.id",
                                "confluent_service_account.connectors"
                            ]
                        },
                        "resource_name": {
                            "constant_value": "shoe_"
                        },
                        "resource_type": {
                            "constant_value": "TOPIC"
                        },
                        "rest_endpoint": {
                            "references": [
                                "confluent_kafka_cluster.basic.rest_endpoint",
                                "confluent_kafka_cluster.basic"
                            ]
                        }
                    },
                    "schema_version": 2
                },
                {
                    "address": "confluent_kafka_acl.connectors_source_read_topic_dlq",
                    "mode": "managed",
                    "type": "confluent_kafka_acl",
                    "name": "connectors_source_read_topic_dlq",
                    "provider_config_key": "confluent",
                    "expressions": {
                        "credentials": [
                            {
                                "key": {
                                    "references": [
                                        "confluent_api_key.app_manager_kafka_cluster_key.id",
                                        "confluent_api_key.app_manager_kafka_cluster_key"
                                    ]
                                },
                                "secret": {
                                    "references": [
                                        "confluent_api_key.app_manager_kafka_cluster_key.secret",
                                        "confluent_api_key.app_manager_kafka_cluster_key"
                                    ]
                                }
                            }
                        ],
                        "host": {
                            "constant_value": "*"
                        },
                        "kafka_cluster": [
                            {
                                "id": {
                                    "references": [
                                        "confluent_kafka_cluster.basic.id",
                                        "confluent_kafka_cluster.basic"
                                    ]
                                }
                            }
                        ],
                        "operation": {
                            "constant_value": "READ"
                        },
                        "pattern_type": {
                            "constant_value": "PREFIXED"
                        },
                        "permission": {
                            "constant_value": "ALLOW"
                        },
                        "principal": {
                            "references": [
                                "confluent_service_account.connectors.id",
                                "confluent_service_account.connectors"
                            ]
                        },
                        "resource_name": {
                            "constant_value": "dlq-"
                        },
                        "resource_type": {
                            "constant_value": "TOPIC"
                        },
                        "rest_endpoint": {
                            "references": [
                                "confluent_kafka_cluster.basic.rest_endpoint",
                                "confluent_kafka_cluster.basic"
                            ]
                        }
                    },
                    "schema_version": 2
                },
                {
                    "address": "confluent_kafka_acl.connectors_source_write_topic_demo",
                    "mode": "managed",
                    "type": "confluent_kafka_acl",
                    "name": "connectors_source_write_topic_demo",
                    "provider_config_key": "confluent",
                    "expressions": {
                        "credentials": [
                            {
                                "key": {
                                    "references": [
                                        "confluent_api_key.app_manager_kafka_cluster_key.id",
                                        "confluent_api_key.app_manager_kafka_cluster_key"
                                    ]
                                },
                                "secret": {
                                    "references": [
                                        "confluent_api_key.app_manager_kafka_cluster_key.secret",
                                        "confluent_api_key.app_manager_kafka_cluster_key"
                                    ]
                                }
                            }
                        ],
                        "host": {
                            "constant_value": "*"
                        },
                        "kafka_cluster": [
                            {
                                "id": {
                                    "references": [
                                        "confluent_kafka_cluster.basic.id",
                                        "confluent_kafka_cluster.basic"
                                    ]
                                }
                            }
                        ],
                        "operation": {
                            "constant_value": "WRITE"
                        },
                        "pattern_type": {
                            "constant_value": "PREFIXED"
                        },
                        "permission": {
                            "constant_value": "ALLOW"
                        },
                        "principal": {
                            "references": [
                                "confluent_service_account.connectors.id",
                                "confluent_service_account.connectors"
                            ]
                        },
                        "resource_name": {
                            "constant_value": "shoe_"
                        },
                        "resource_type": {
                            "constant_value": "TOPIC"
                        },
                        "rest_endpoint": {
                            "references": [
                                "confluent_kafka_cluster.basic.rest_endpoint",
                                "confluent_kafka_cluster.basic"
                            ]
                        }
                    },
                    "schema_version": 2
                },
                {
                    "address": "confluent_kafka_acl.connectors_source_write_topic_dlq",
                    "mode": "managed",
                    "type": "confluent_kafka_acl",
                    "name": "connectors_source_write_topic_dlq",
                    "provider_config_key": "confluent",
                    "expressions": {
                        "credentials": [
                            {
                                "key": {
                                    "references": [
                                        "confluent_api_key.app_manager_kafka_cluster_key.id",
                                        "confluent_api_key.app_manager_kafka_cluster_key"
                                    ]
                                },
                                "secret": {
                                    "references": [
                                        "confluent_api_key.app_manager_kafka_cluster_key.secret",
                                        "confluent_api_key.app_manager_kafka_cluster_key"
                                    ]
                                }
                            }
                        ],
                        "host": {
                            "constant_value": "*"
                        },
                        "kafka_cluster": [
                            {
                                "id": {
                                    "references": [
                                        "confluent_kafka_cluster.basic.id",
                                        "confluent_kafka_cluster.basic"
                                    ]
                                }
                            }
                        ],
                        "operation": {
                            "constant_value": "WRITE"
                        },
                        "pattern_type": {
                            "constant_value": "PREFIXED"
                        },
                        "permission": {
                            "constant_value": "ALLOW"
                        },
                        "principal": {
                            "references": [
                                "confluent_service_account.connectors.id",
                                "confluent_service_account.connectors"
                            ]
                        },
                        "resource_name": {
                            "constant_value": "dlq-"
                        },
                        "resource_type": {
                            "constant_value": "TOPIC"
                        },
                        "rest_endpoint": {
                            "references": [
                                "confluent_kafka_cluster.basic.rest_endpoint",
                                "confluent_kafka_cluster.basic"
                            ]
                        }
                    },
                    "schema_version": 2
                },
                {
                    "address": "confluent_kafka_cluster.basic",
                    "mode": "managed",
                    "type": "confluent_kafka_cluster",
                    "name": "basic",
                    "provider_config_key": "confluent",
                    "expressions": {
                        "availability": {
                            "constant_value": "SINGLE_ZONE"
                        },
                        "basic": [
                            {}
                        ],
                        "cloud": {
                            "constant_value": "AZURE"
                        },
                        "display_name": {
                            "constant_value": "jsoto-basic-cluster"
                        },
                        "environment": [
                            {
                                "id": {
                                    "references": [
                                        "confluent_environment.staging.id",
                                        "confluent_environment.staging"
                                    ]
                                }
                            }
                        ],
                        "region": {
                            "constant_value": "spaincentral"
                        }
                    },
                    "schema_version": 1
                },
                {
                    "address": "confluent_kafka_topic.customers",
                    "mode": "managed",
                    "type": "confluent_kafka_topic",
                    "name": "customers",
                    "provider_config_key": "confluent",
                    "expressions": {
                        "credentials": [
                            {
                                "key": {
                                    "references": [
                                        "confluent_api_key.app_manager_kafka_cluster_key.id",
                                        "confluent_api_key.app_manager_kafka_cluster_key"
                                    ]
                                },
                                "secret": {
                                    "references": [
                                        "confluent_api_key.app_manager_kafka_cluster_key.secret",
                                        "confluent_api_key.app_manager_kafka_cluster_key"
                                    ]
                                }
                            }
                        ],
                        "kafka_cluster": [
                            {
                                "id": {
                                    "references": [
                                        "confluent_kafka_cluster.basic.id",
                                        "confluent_kafka_cluster.basic"
                                    ]
                                }
                            }
                        ],
                        "partitions_count": {
                            "constant_value": 1
                        },
                        "rest_endpoint": {
                            "references": [
                                "confluent_kafka_cluster.basic.rest_endpoint",
                                "confluent_kafka_cluster.basic"
                            ]
                        },
                        "topic_name": {
                            "constant_value": "shoe_customers"
                        }
                    },
                    "schema_version": 2
                },
                {
                    "address": "confluent_kafka_topic.order",
                    "mode": "managed",
                    "type": "confluent_kafka_topic",
                    "name": "order",
                    "provider_config_key": "confluent",
                    "expressions": {
                        "credentials": [
                            {
                                "key": {
                                    "references": [
                                        "confluent_api_key.app-manager-kafka-api-key.id",
                                        "confluent_api_key.app-manager-kafka-api-key"
                                    ]
                                },
                                "secret": {
                                    "references": [
                                        "confluent_api_key.app-manager-kafka-api-key.secret",
                                        "confluent_api_key.app-manager-kafka-api-key"
                                    ]
                                }
                            }
                        ],
                        "kafka_cluster": [
                            {
                                "id": {
                                    "references": [
                                        "confluent_kafka_cluster.basic.id",
                                        "confluent_kafka_cluster.basic"
                                    ]
                                }
                            }
                        ],
                        "rest_endpoint": {
                            "references": [
                                "confluent_kafka_cluster.basic.rest_endpoint",
                                "confluent_kafka_cluster.basic"
                            ]
                        },
                        "topic_name": {
                            "constant_value": "order"
                        }
                    },
                    "schema_version": 2
                },
                {
                    "address": "confluent_kafka_topic.products",
                    "mode": "managed",
                    "type": "confluent_kafka_topic",
                    "name": "products",
                    "provider_config_key": "confluent",
                    "expressions": {
                        "credentials": [
                            {
                                "key": {
                                    "references": [
                                        "confluent_api_key.app_manager_kafka_cluster_key.id",
                                        "confluent_api_key.app_manager_kafka_cluster_key"
                                    ]
                                },
                                "secret": {
                                    "references": [
                                        "confluent_api_key.app_manager_kafka_cluster_key.secret",
                                        "confluent_api_key.app_manager_kafka_cluster_key"
                                    ]
                                }
                            }
                        ],
                        "kafka_cluster": [
                            {
                                "id": {
                                    "references": [
                                        "confluent_kafka_cluster.basic.id",
                                        "confluent_kafka_cluster.basic"
                                    ]
                                }
                            }
                        ],
                        "partitions_count": {
                            "constant_value": 1
                        },
                        "rest_endpoint": {
                            "references": [
                                "confluent_kafka_cluster.basic.rest_endpoint",
                                "confluent_kafka_cluster.basic"
                            ]
                        },
                        "topic_name": {
                            "constant_value": "shoe_products"
                        }
                    },
                    "schema_version": 2
                },
                {
                    "address": "confluent_kafka_topic.shoe_orders",
                    "mode": "managed",
                    "type": "confluent_kafka_topic",
                    "name": "shoe_orders",
                    "provider_config_key": "confluent",
                    "expressions": {
                        "credentials": [
                            {
                                "key": {
                                    "references": [
                                        "confluent_api_key.app_manager_kafka_cluster_key.id",
                                        "confluent_api_key.app_manager_kafka_cluster_key"
                                    ]
                                },
                                "secret": {
                                    "references": [
                                        "confluent_api_key.app_manager_kafka_cluster_key.secret",
                                        "confluent_api_key.app_manager_kafka_cluster_key"
                                    ]
                                }
                            }
                        ],
                        "kafka_cluster": [
                            {
                                "id": {
                                    "references": [
                                        "confluent_kafka_cluster.basic.id",
                                        "confluent_kafka_cluster.basic"
                                    ]
                                }
                            }
                        ],
                        "partitions_count": {
                            "constant_value": 1
                        },
                        "rest_endpoint": {
                            "references": [
                                "confluent_kafka_cluster.basic.rest_endpoint",
                                "confluent_kafka_cluster.basic"
                            ]
                        },
                        "topic_name": {
                            "constant_value": "shoe_orders"
                        }
                    },
                    "schema_version": 2
                },
                {
                    "address": "confluent_role_binding.app-manager-kafka-cluster-admin",
                    "mode": "managed",
                    "type": "confluent_role_binding",
                    "name": "app-manager-kafka-cluster-admin",
                    "provider_config_key": "confluent",
                    "expressions": {
                        "crn_pattern": {
                            "references": [
                                "confluent_kafka_cluster.basic.rbac_crn",
                                "confluent_kafka_cluster.basic"
                            ]
                        },
                        "principal": {
                            "references": [
                                "confluent_service_account.app-manager.id",
                                "confluent_service_account.app-manager"
                            ]
                        },
                        "role_name": {
                            "constant_value": "CloudClusterAdmin"
                        }
                    },
                    "schema_version": 0
                },
                {
                    "address": "confluent_role_binding.app_manager_environment_admin",
                    "mode": "managed",
                    "type": "confluent_role_binding",
                    "name": "app_manager_environment_admin",
                    "provider_config_key": "confluent",
                    "expressions": {
                        "crn_pattern": {
                            "references": [
                                "confluent_environment.staging.resource_name",
                                "confluent_environment.staging"
                            ]
                        },
                        "principal": {
                            "references": [
                                "confluent_service_account.app_manager.id",
                                "confluent_service_account.app_manager"
                            ]
                        },
                        "role_name": {
                            "constant_value": "EnvironmentAdmin"
                        }
                    },
                    "schema_version": 0
                },
                {
                    "address": "confluent_role_binding.sr_environment_admin",
                    "mode": "managed",
                    "type": "confluent_role_binding",
                    "name": "sr_environment_admin",
                    "provider_config_key": "confluent",
                    "expressions": {
                        "crn_pattern": {
                            "references": [
                                "confluent_environment.staging.resource_name",
                                "confluent_environment.staging"
                            ]
                        },
                        "principal": {
                            "references": [
                                "confluent_service_account.sr.id",
                                "confluent_service_account.sr"
                            ]
                        },
                        "role_name": {
                            "constant_value": "EnvironmentAdmin"
                        }
                    },
                    "schema_version": 0
                },
                {
                    "address": "confluent_service_account.app-consumer",
                    "mode": "managed",
                    "type": "confluent_service_account",
                    "name": "app-consumer",
                    "provider_config_key": "confluent",
                    "expressions": {
                        "description": {
                            "constant_value": "Service account to consume from 'order' topic of 'inventory' Kafka cluster"
                        },
                        "display_name": {
                            "constant_value": "app-consumer"
                        }
                    },
                    "schema_version": 0
                },
                {
                    "address": "confluent_service_account.app-manager",
                    "mode": "managed",
                    "type": "confluent_service_account",
                    "name": "app-manager",
                    "provider_config_key": "confluent",
                    "expressions": {
                        "description": {
                            "constant_value": "Service account to manage 'inventory' Kafka cluster"
                        },
                        "display_name": {
                            "constant_value": "app-manager"
                        }
                    },
                    "schema_version": 0
                },
                {
                    "address": "confluent_service_account.app-producer",
                    "mode": "managed",
                    "type": "confluent_service_account",
                    "name": "app-producer",
                    "provider_config_key": "confluent",
                    "expressions": {
                        "description": {
                            "constant_value": "Service account to produce to 'order' topic of 'inventory' Kafka cluster"
                        },
                        "display_name": {
                            "constant_value": "app-producer"
                        }
                    },
                    "schema_version": 0
                },
                {
                    "address": "confluent_service_account.app_manager",
                    "mode": "managed",
                    "type": "confluent_service_account",
                    "name": "app_manager",
                    "provider_config_key": "confluent",
                    "expressions": {
                        "description": {
                            "constant_value": "SR service accout - app_manager"
                        },
                        "display_name": {
                            "references": [
                                "random_id.id.hex",
                                "random_id.id"
                            ]
                        }
                    },
                    "schema_version": 0
                },
                {
                    "address": "confluent_service_account.clients",
                    "mode": "managed",
                    "type": "confluent_service_account",
                    "name": "clients",
                    "provider_config_key": "confluent",
                    "expressions": {
                        "description": {
                            "constant_value": "SR service accout - app_manager"
                        },
                        "display_name": {
                            "references": [
                                "random_id.id.hex",
                                "random_id.id"
                            ]
                        }
                    },
                    "schema_version": 0
                },
                {
                    "address": "confluent_service_account.connectors",
                    "mode": "managed",
                    "type": "confluent_service_account",
                    "name": "connectors",
                    "provider_config_key": "confluent",
                    "expressions": {
                        "description": {
                            "constant_value": "Service account to manage connector"
                        },
                        "display_name": {
                            "references": [
                                "random_id.id.hex",
                                "random_id.id"
                            ]
                        }
                    },
                    "schema_version": 0
                },
                {
                    "address": "confluent_service_account.sr",
                    "mode": "managed",
                    "type": "confluent_service_account",
                    "name": "sr",
                    "provider_config_key": "confluent",
                    "expressions": {
                        "description": {
                            "constant_value": "SR service accout - app_manager"
                        },
                        "display_name": {
                            "references": [
                                "random_id.id.hex",
                                "random_id.id"
                            ]
                        }
                    },
                    "schema_version": 0
                },
                {
                    "address": "confluent_tag.pii",
                    "mode": "managed",
                    "type": "confluent_tag",
                    "name": "pii",
                    "provider_config_key": "confluent",
                    "expressions": {
                        "credentials": [
                            {
                                "key": {
                                    "references": [
                                        "confluent_api_key.sr_cluster_key.id",
                                        "confluent_api_key.sr_cluster_key"
                                    ]
                                },
                                "secret": {
                                    "references": [
                                        "confluent_api_key.sr_cluster_key.secret",
                                        "confluent_api_key.sr_cluster_key"
                                    ]
                                }
                            }
                        ],
                        "description": {
                            "constant_value": "PII tag"
                        },
                        "name": {
                            "constant_value": "PII"
                        },
                        "rest_endpoint": {
                            "references": [
                                "data.confluent_schema_registry_cluster.essentials.rest_endpoint",
                                "data.confluent_schema_registry_cluster.essentials"
                            ]
                        },
                        "schema_registry_cluster": [
                            {
                                "id": {
                                    "references": [
                                        "data.confluent_schema_registry_cluster.essentials.id",
                                        "data.confluent_schema_registry_cluster.essentials"
                                    ]
                                }
                            }
                        ]
                    },
                    "schema_version": 0
                },
                {
                    "address": "confluent_tag.public",
                    "mode": "managed",
                    "type": "confluent_tag",
                    "name": "public",
                    "provider_config_key": "confluent",
                    "expressions": {
                        "credentials": [
                            {
                                "key": {
                                    "references": [
                                        "confluent_api_key.sr_cluster_key.id",
                                        "confluent_api_key.sr_cluster_key"
                                    ]
                                },
                                "secret": {
                                    "references": [
                                        "confluent_api_key.sr_cluster_key.secret",
                                        "confluent_api_key.sr_cluster_key"
                                    ]
                                }
                            }
                        ],
                        "description": {
                            "constant_value": "Public tag"
                        },
                        "name": {
                            "constant_value": "Public"
                        },
                        "rest_endpoint": {
                            "references": [
                                "data.confluent_schema_registry_cluster.essentials.rest_endpoint",
                                "data.confluent_schema_registry_cluster.essentials"
                            ]
                        },
                        "schema_registry_cluster": [
                            {
                                "id": {
                                    "references": [
                                        "data.confluent_schema_registry_cluster.essentials.id",
                                        "data.confluent_schema_registry_cluster.essentials"
                                    ]
                                }
                            }
                        ]
                    },
                    "schema_version": 0
                },
                {
                    "address": "confluent_tag_binding.customers",
                    "mode": "managed",
                    "type": "confluent_tag_binding",
                    "name": "customers",
                    "provider_config_key": "confluent",
                    "expressions": {
                        "credentials": [
                            {
                                "key": {
                                    "references": [
                                        "confluent_api_key.sr_cluster_key.id",
                                        "confluent_api_key.sr_cluster_key"
                                    ]
                                },
                                "secret": {
                                    "references": [
                                        "confluent_api_key.sr_cluster_key.secret",
                                        "confluent_api_key.sr_cluster_key"
                                    ]
                                }
                            }
                        ],
                        "entity_name": {
                            "references": [
                                "data.confluent_schema_registry_cluster.essentials.id",
                                "data.confluent_schema_registry_cluster.essentials",
                                "confluent_kafka_cluster.basic.id",
                                "confluent_kafka_cluster.basic",
                                "confluent_kafka_topic.customers.topic_name",
                                "confluent_kafka_topic.customers"
                            ]
                        },
                        "entity_type": {
                            "constant_value": "kafka_topic"
                        },
                        "rest_endpoint": {
                            "references": [
                                "data.confluent_schema_registry_cluster.essentials.rest_endpoint",
                                "data.confluent_schema_registry_cluster.essentials"
                            ]
                        },
                        "schema_registry_cluster": [
                            {
                                "id": {
                                    "references": [
                                        "data.confluent_schema_registry_cluster.essentials.id",
                                        "data.confluent_schema_registry_cluster.essentials"
                                    ]
                                }
                            }
                        ],
                        "tag_name": {
                            "constant_value": "PII"
                        }
                    },
                    "schema_version": 0
                },
                {
                    "address": "confluent_tag_binding.orders",
                    "mode": "managed",
                    "type": "confluent_tag_binding",
                    "name": "orders",
                    "provider_config_key": "confluent",
                    "expressions": {
                        "credentials": [
                            {
                                "key": {
                                    "references": [
                                        "confluent_api_key.sr_cluster_key.id",
                                        "confluent_api_key.sr_cluster_key"
                                    ]
                                },
                                "secret": {
                                    "references": [
                                        "confluent_api_key.sr_cluster_key.secret",
                                        "confluent_api_key.sr_cluster_key"
                                    ]
                                }
                            }
                        ],
                        "entity_name": {
                            "references": [
                                "data.confluent_schema_registry_cluster.essentials.id",
                                "data.confluent_schema_registry_cluster.essentials",
                                "confluent_kafka_cluster.basic.id",
                                "confluent_kafka_cluster.basic",
                                "confluent_kafka_topic.shoe_orders.topic_name",
                                "confluent_kafka_topic.shoe_orders"
                            ]
                        },
                        "entity_type": {
                            "constant_value": "kafka_topic"
                        },
                        "rest_endpoint": {
                            "references": [
                                "data.confluent_schema_registry_cluster.essentials.rest_endpoint",
                                "data.confluent_schema_registry_cluster.essentials"
                            ]
                        },
                        "schema_registry_cluster": [
                            {
                                "id": {
                                    "references": [
                                        "data.confluent_schema_registry_cluster.essentials.id",
                                        "data.confluent_schema_registry_cluster.essentials"
                                    ]
                                }
                            }
                        ],
                        "tag_name": {
                            "constant_value": "Public"
                        }
                    },
                    "schema_version": 0
                },
                {
                    "address": "confluent_tag_binding.products",
                    "mode": "managed",
                    "type": "confluent_tag_binding",
                    "name": "products",
                    "provider_config_key": "confluent",
                    "expressions": {
                        "credentials": [
                            {
                                "key": {
                                    "references": [
                                        "confluent_api_key.sr_cluster_key.id",
                                        "confluent_api_key.sr_cluster_key"
                                    ]
                                },
                                "secret": {
                                    "references": [
                                        "confluent_api_key.sr_cluster_key.secret",
                                        "confluent_api_key.sr_cluster_key"
                                    ]
                                }
                            }
                        ],
                        "entity_name": {
                            "references": [
                                "data.confluent_schema_registry_cluster.essentials.id",
                                "data.confluent_schema_registry_cluster.essentials",
                                "confluent_kafka_cluster.basic.id",
                                "confluent_kafka_cluster.basic",
                                "confluent_kafka_topic.products.topic_name",
                                "confluent_kafka_topic.products"
                            ]
                        },
                        "entity_type": {
                            "constant_value": "kafka_topic"
                        },
                        "rest_endpoint": {
                            "references": [
                                "data.confluent_schema_registry_cluster.essentials.rest_endpoint",
                                "data.confluent_schema_registry_cluster.essentials"
                            ]
                        },
                        "schema_registry_cluster": [
                            {
                                "id": {
                                    "references": [
                                        "data.confluent_schema_registry_cluster.essentials.id",
                                        "data.confluent_schema_registry_cluster.essentials"
                                    ]
                                }
                            }
                        ],
                        "tag_name": {
                            "constant_value": "Public"
                        }
                    },
                    "schema_version": 0
                },
                {
                    "address": "random_id.id",
                    "mode": "managed",
                    "type": "random_id",
                    "name": "id",
                    "provider_config_key": "random",
                    "expressions": {
                        "byte_length": {
                            "constant_value": 4
                        }
                    },
                    "schema_version": 0
                },
                {
                    "address": "data.confluent_schema_registry_cluster.essentials",
                    "mode": "data",
                    "type": "confluent_schema_registry_cluster",
                    "name": "essentials",
                    "provider_config_key": "confluent",
                    "expressions": {
                        "environment": [
                            {
                                "id": {
                                    "references": [
                                        "confluent_environment.staging.id",
                                        "confluent_environment.staging"
                                    ]
                                }
                            }
                        ]
                    },
                    "schema_version": 0,
                    "depends_on": [
                        "confluent_kafka_cluster.basic"
                    ]
                }
            ],
            "variables": {
                "confluent_cloud_api_key": {
                    "description": "Confluent Cloud API Key (also referred as Cloud API ID)",
                    "sensitive": true
                },
                "confluent_cloud_api_secret": {
                    "description": "Confluent Cloud API Secret",
                    "sensitive": true
                }
            }
        }
    },
    "relevant_attributes": [
        {
            "resource": "random_id.id",
            "attribute": [
                "hex"
            ]
        },
        {
            "resource": "confluent_service_account.app-producer",
            "attribute": [
                "api_version"
            ]
        },
        {
            "resource": "confluent_kafka_cluster.basic",
            "attribute": [
                "api_version"
            ]
        },
        {
            "resource": "confluent_kafka_cluster.basic",
            "attribute": [
                "rest_endpoint"
            ]
        },
        {
            "resource": "confluent_kafka_topic.shoe_orders",
            "attribute": [
                "topic_name"
            ]
        },
        {
            "resource": "confluent_kafka_topic.customers",
            "attribute": [
                "topic_name"
            ]
        },
        {
            "resource": "confluent_service_account.app_manager",
            "attribute": [
                "api_version"
            ]
        },
        {
            "resource": "confluent_service_account.app_manager",
            "attribute": [
                "kind"
            ]
        },
        {
            "resource": "data.confluent_schema_registry_cluster.essentials",
            "attribute": [
                "api_version"
            ]
        },
        {
            "resource": "data.confluent_schema_registry_cluster.essentials",
            "attribute": [
                "id"
            ]
        },
        {
            "resource": "confluent_api_key.app-manager-kafka-api-key",
            "attribute": [
                "secret"
            ]
        },
        {
            "resource": "confluent_service_account.connectors",
            "attribute": [
                "api_version"
            ]
        },
        {
            "resource": "confluent_service_account.app_manager",
            "attribute": [
                "id"
            ]
        },
        {
            "resource": "confluent_service_account.app-producer",
            "attribute": [
                "id"
            ]
        },
        {
            "resource": "confluent_service_account.app-manager",
            "attribute": [
                "kind"
            ]
        },
        {
            "resource": "confluent_api_key.app-manager-kafka-api-key",
            "attribute": [
                "id"
            ]
        },
        {
            "resource": "confluent_kafka_topic.products",
            "attribute": [
                "topic_name"
            ]
        },
        {
            "resource": "confluent_service_account.sr",
            "attribute": [
                "id"
            ]
        },
        {
            "resource": "confluent_service_account.app-consumer",
            "attribute": [
                "id"
            ]
        },
        {
            "resource": "confluent_service_account.app-manager",
            "attribute": [
                "api_version"
            ]
        },
        {
            "resource": "confluent_service_account.connectors",
            "attribute": [
                "id"
            ]
        },
        {
            "resource": "data.confluent_schema_registry_cluster.essentials",
            "attribute": [
                "rest_endpoint"
            ]
        },
        {
            "resource": "confluent_kafka_cluster.basic",
            "attribute": [
                "kind"
            ]
        },
        {
            "resource": "confluent_service_account.sr",
            "attribute": [
                "kind"
            ]
        },
        {
            "resource": "data.confluent_schema_registry_cluster.essentials",
            "attribute": [
                "kind"
            ]
        },
        {
            "resource": "confluent_api_key.sr_cluster_key",
            "attribute": [
                "id"
            ]
        },
        {
            "resource": "confluent_kafka_topic.order",
            "attribute": [
                "topic_name"
            ]
        },
        {
            "resource": "confluent_environment.staging",
            "attribute": [
                "id"
            ]
        },
        {
            "resource": "confluent_service_account.app-producer",
            "attribute": [
                "kind"
            ]
        },
        {
            "resource": "confluent_service_account.sr",
            "attribute": [
                "api_version"
            ]
        },
        {
            "resource": "confluent_api_key.app_manager_kafka_cluster_key",
            "attribute": [
                "id"
            ]
        },
        {
            "resource": "confluent_kafka_cluster.basic",
            "attribute": [
                "rbac_crn"
            ]
        },
        {
            "resource": "confluent_service_account.app-manager",
            "attribute": [
                "id"
            ]
        },
        {
            "resource": "confluent_api_key.app_manager_kafka_cluster_key",
            "attribute": [
                "secret"
            ]
        },
        {
            "resource": "confluent_api_key.sr_cluster_key",
            "attribute": [
                "secret"
            ]
        },
        {
            "resource": "confluent_environment.staging",
            "attribute": [
                "resource_name"
            ]
        },
        {
            "resource": "confluent_kafka_cluster.basic",
            "attribute": [
                "id"
            ]
        },
        {
            "resource": "confluent_service_account.app-consumer",
            "attribute": [
                "kind"
            ]
        },
        {
            "resource": "confluent_service_account.app-consumer",
            "attribute": [
                "api_version"
            ]
        },
        {
            "resource": "confluent_service_account.connectors",
            "attribute": [
                "kind"
            ]
        }
    ],
    "timestamp": "2024-11-13T08:45:21Z",
    "applyable": true,
    "complete": true,
    "errored": false
}